// !$*UTF8*$!
{
	archiveVersion = 1;
	classes = {
	};
	objectVersion = 46;
	objects = {

/* Begin PBXBuildFile section */
		DA2162611DB81EF700F97B6C /* MetalFilterPremiumNeon.swift in Sources */ = {isa = PBXBuildFile; fileRef = DA2162601DB81EF700F97B6C /* MetalFilterPremiumNeon.swift */; };
		DA2162631DB81F8D00F97B6C /* MFiltersItemPremiumNeon.swift in Sources */ = {isa = PBXBuildFile; fileRef = DA2162621DB81F8D00F97B6C /* MFiltersItemPremiumNeon.swift */; };
		DA2162651DB82CE400F97B6C /* MetalFilterPremiumEmber.swift in Sources */ = {isa = PBXBuildFile; fileRef = DA2162641DB82CE400F97B6C /* MetalFilterPremiumEmber.swift */; };
		DA2162671DB82E2A00F97B6C /* MFiltersItemPremiumEmber.swift in Sources */ = {isa = PBXBuildFile; fileRef = DA2162661DB82E2A00F97B6C /* MFiltersItemPremiumEmber.swift */; };
		DA2162691DB82EBC00F97B6C /* MetalFilterNone.swift in Sources */ = {isa = PBXBuildFile; fileRef = DA2162681DB82EBC00F97B6C /* MetalFilterNone.swift */; };
		DA21626B1DB82EDE00F97B6C /* MFiltersItemNone.swift in Sources */ = {isa = PBXBuildFile; fileRef = DA21626A1DB82EDE00F97B6C /* MFiltersItemNone.swift */; };
		DA21626E1DB83D8500F97B6C /* MetalFilterPremiumSelfer.metal in Sources */ = {isa = PBXBuildFile; fileRef = DA21626C1DB83D8500F97B6C /* MetalFilterPremiumSelfer.metal */; };
		DA21626F1DB83D8500F97B6C /* MetalFilterPremiumSelfer.swift in Sources */ = {isa = PBXBuildFile; fileRef = DA21626D1DB83D8500F97B6C /* MetalFilterPremiumSelfer.swift */; };
		DA2162711DB83DD000F97B6C /* MFiltersItemPremiumSelfer.swift in Sources */ = {isa = PBXBuildFile; fileRef = DA2162701DB83DD000F97B6C /* MFiltersItemPremiumSelfer.swift */; };
		DA375C2C1DB99654004D7265 /* ExtensionUIColor.swift in Sources */ = {isa = PBXBuildFile; fileRef = DA375C2B1DB99654004D7265 /* ExtensionUIColor.swift */; };
		DA40A0F91DB667D600DC42C6 /* MetalFilterBasicTest.swift in Sources */ = {isa = PBXBuildFile; fileRef = DA40A0F81DB667D600DC42C6 /* MetalFilterBasicTest.swift */; };
		DA40A0FB1DB6684800DC42C6 /* MFiltersItemBasicTest.swift in Sources */ = {isa = PBXBuildFile; fileRef = DA40A0FA1DB6684800DC42C6 /* MFiltersItemBasicTest.swift */; };
		DA40A0FD1DB6747D00DC42C6 /* MetalFilterBasicChalk.swift in Sources */ = {isa = PBXBuildFile; fileRef = DA40A0FC1DB6747D00DC42C6 /* MetalFilterBasicChalk.swift */; };
		DA40A0FF1DB6750D00DC42C6 /* MetalFilterBasicChalk.metal in Sources */ = {isa = PBXBuildFile; fileRef = DA40A0FE1DB6750D00DC42C6 /* MetalFilterBasicChalk.metal */; };
		DA40A1011DB6758600DC42C6 /* MFiltersItemBasicChalk.swift in Sources */ = {isa = PBXBuildFile; fileRef = DA40A1001DB6758600DC42C6 /* MFiltersItemBasicChalk.swift */; };
		DA40A1031DB6B30800DC42C6 /* MetalFilterBasicDefine.swift in Sources */ = {isa = PBXBuildFile; fileRef = DA40A1021DB6B30800DC42C6 /* MetalFilterBasicDefine.swift */; };
		DA40A1051DB6B43B00DC42C6 /* MFiltersItemBasicDefine.swift in Sources */ = {isa = PBXBuildFile; fileRef = DA40A1041DB6B43B00DC42C6 /* MFiltersItemBasicDefine.swift */; };
		DA46D8561DB140FD00B89DE9 /* MFilters.swift in Sources */ = {isa = PBXBuildFile; fileRef = DA46D8551DB140FD00B89DE9 /* MFilters.swift */; };
		DA46D8581DB141C600B89DE9 /* MFiltersItem.swift in Sources */ = {isa = PBXBuildFile; fileRef = DA46D8571DB141C600B89DE9 /* MFiltersItem.swift */; };
		DA46D85B1DB1436F00B89DE9 /* MFiltersItemBasicInk.swift in Sources */ = {isa = PBXBuildFile; fileRef = DA46D85A1DB1436F00B89DE9 /* MFiltersItemBasicInk.swift */; };
		DA46D85D1DB1481E00B89DE9 /* MetalFilterBasicInk.swift in Sources */ = {isa = PBXBuildFile; fileRef = DA46D85C1DB1481E00B89DE9 /* MetalFilterBasicInk.swift */; };
		DA46D8601DB14CA200B89DE9 /* MetalFilter.swift in Sources */ = {isa = PBXBuildFile; fileRef = DA46D85F1DB14CA200B89DE9 /* MetalFilter.swift */; };
		DA46D8641DB1680800B89DE9 /* VSpinner.swift in Sources */ = {isa = PBXBuildFile; fileRef = DA46D8631DB1680800B89DE9 /* VSpinner.swift */; };
		DA46D8661DB16C6700B89DE9 /* MetalFilterBasicInk.metal in Sources */ = {isa = PBXBuildFile; fileRef = DA46D8651DB16C6700B89DE9 /* MetalFilterBasicInk.metal */; };
		DA48F6931DA9CA0800D7D3E3 /* CHome.swift in Sources */ = {isa = PBXBuildFile; fileRef = DA48F6921DA9CA0800D7D3E3 /* CHome.swift */; };
		DA48F6951DAAFD7D00D7D3E3 /* VParent.swift in Sources */ = {isa = PBXBuildFile; fileRef = DA48F6941DAAFD7D00D7D3E3 /* VParent.swift */; };
		DA48F6971DAAFDD600D7D3E3 /* VBar.swift in Sources */ = {isa = PBXBuildFile; fileRef = DA48F6961DAAFDD600D7D3E3 /* VBar.swift */; };
		DA48F6991DAAFDEE00D7D3E3 /* VBarCell.swift in Sources */ = {isa = PBXBuildFile; fileRef = DA48F6981DAAFDEE00D7D3E3 /* VBarCell.swift */; };
		DA48F69C1DAAFE5E00D7D3E3 /* MMain.swift in Sources */ = {isa = PBXBuildFile; fileRef = DA48F69B1DAAFE5E00D7D3E3 /* MMain.swift */; };
		DA48F69E1DAAFE6700D7D3E3 /* MMainItem.swift in Sources */ = {isa = PBXBuildFile; fileRef = DA48F69D1DAAFE6700D7D3E3 /* MMainItem.swift */; };
		DA48F6A01DAAFE7500D7D3E3 /* MMainItemHome.swift in Sources */ = {isa = PBXBuildFile; fileRef = DA48F69F1DAAFE7500D7D3E3 /* MMainItemHome.swift */; };
		DA513CA81DAC420500031E5D /* VHomeMenu.swift in Sources */ = {isa = PBXBuildFile; fileRef = DA513CA71DAC420500031E5D /* VHomeMenu.swift */; };
		DA513CAA1DAC425800031E5D /* VHomeMenuCell.swift in Sources */ = {isa = PBXBuildFile; fileRef = DA513CA91DAC425800031E5D /* VHomeMenuCell.swift */; };
		DA513CAC1DAC42B800031E5D /* VHomePicture.swift in Sources */ = {isa = PBXBuildFile; fileRef = DA513CAB1DAC42B800031E5D /* VHomePicture.swift */; };
		DA513CB01DAC44F900031E5D /* VHomeSelector.swift in Sources */ = {isa = PBXBuildFile; fileRef = DA513CAF1DAC44F900031E5D /* VHomeSelector.swift */; };
		DA513CB21DAC4AEF00031E5D /* CHomePickerCamera.swift in Sources */ = {isa = PBXBuildFile; fileRef = DA513CB11DAC4AEF00031E5D /* CHomePickerCamera.swift */; };
		DA513CB41DAC4F2C00031E5D /* CHomePickerLibrary.swift in Sources */ = {isa = PBXBuildFile; fileRef = DA513CB31DAC4F2C00031E5D /* CHomePickerLibrary.swift */; };
		DA513CB61DAC54A600031E5D /* CParent.swift in Sources */ = {isa = PBXBuildFile; fileRef = DA513CB51DAC54A600031E5D /* CParent.swift */; };
		DA9E561D1DAC375E00E0F1B4 /* CController.swift in Sources */ = {isa = PBXBuildFile; fileRef = DA9E561C1DAC375E00E0F1B4 /* CController.swift */; };
		DA9E561F1DAC399500E0F1B4 /* Generic.xcassets in Resources */ = {isa = PBXBuildFile; fileRef = DA9E561E1DAC399500E0F1B4 /* Generic.xcassets */; };
		DA9E56211DAC3C1D00E0F1B4 /* VHome.swift in Sources */ = {isa = PBXBuildFile; fileRef = DA9E56201DAC3C1D00E0F1B4 /* VHome.swift */; };
		DAA0C0041DB19B0F0017DBE1 /* MFiltersItemBasicRembrandt.swift in Sources */ = {isa = PBXBuildFile; fileRef = DAA0C0031DB19B0F0017DBE1 /* MFiltersItemBasicRembrandt.swift */; };
		DAA0C0061DB19BE50017DBE1 /* MetalFilterBasicRembrandt.swift in Sources */ = {isa = PBXBuildFile; fileRef = DAA0C0051DB19BE50017DBE1 /* MetalFilterBasicRembrandt.swift */; };
		DAA0C0081DB19BEF0017DBE1 /* MetalFilterBasicRembrandt.metal in Sources */ = {isa = PBXBuildFile; fileRef = DAA0C0071DB19BEF0017DBE1 /* MetalFilterBasicRembrandt.metal */; };
		DAA0C00A1DB42EE20017DBE1 /* MFiltersItemBasicGothic.swift in Sources */ = {isa = PBXBuildFile; fileRef = DAA0C0091DB42EE20017DBE1 /* MFiltersItemBasicGothic.swift */; };
		DAA0C00C1DB42F330017DBE1 /* MetalFilterBasicGothic.metal in Sources */ = {isa = PBXBuildFile; fileRef = DAA0C00B1DB42F330017DBE1 /* MetalFilterBasicGothic.metal */; };
		DAA0C00E1DB42F3C0017DBE1 /* MetalFilterBasicGothic.swift in Sources */ = {isa = PBXBuildFile; fileRef = DAA0C00D1DB42F3C0017DBE1 /* MetalFilterBasicGothic.swift */; };
		DAA0C0161DB52C150017DBE1 /* ExtensionMTLTexture.swift in Sources */ = {isa = PBXBuildFile; fileRef = DAA0C0151DB52C150017DBE1 /* ExtensionMTLTexture.swift */; };
		DAA0C0181DB5495C0017DBE1 /* CHomeFiltered.swift in Sources */ = {isa = PBXBuildFile; fileRef = DAA0C0171DB5495C0017DBE1 /* CHomeFiltered.swift */; };
		DAA0C01B1DB54A6F0017DBE1 /* VHomeFiltered.swift in Sources */ = {isa = PBXBuildFile; fileRef = DAA0C01A1DB54A6F0017DBE1 /* VHomeFiltered.swift */; };
		DAB94E4F1DAC29AF00880B1B /* MMainState.swift in Sources */ = {isa = PBXBuildFile; fileRef = DAB94E4E1DAC29AF00880B1B /* MMainState.swift */; };
		DAB94E511DAC2A2F00880B1B /* MMainStateOptions.swift in Sources */ = {isa = PBXBuildFile; fileRef = DAB94E501DAC2A2F00880B1B /* MMainStateOptions.swift */; };
		DAB94E531DAC2A3A00880B1B /* MMainStatePushed.swift in Sources */ = {isa = PBXBuildFile; fileRef = DAB94E521DAC2A3A00880B1B /* MMainStatePushed.swift */; };
		DAB94E581DAC2E9F00880B1B /* ExtensionUIFont.swift in Sources */ = {isa = PBXBuildFile; fileRef = DAB94E571DAC2E9F00880B1B /* ExtensionUIFont.swift */; };
		DAB94E5A1DAC321000880B1B /* VShadow.swift in Sources */ = {isa = PBXBuildFile; fileRef = DAB94E591DAC321000880B1B /* VShadow.swift */; };
		DAB94E5C1DAC330800880B1B /* ExtensionUICollectionReusableView.swift in Sources */ = {isa = PBXBuildFile; fileRef = DAB94E5B1DAC330800880B1B /* ExtensionUICollectionReusableView.swift */; };
		DAD5C20A1DA85FA5002996A0 /* LaunchScreen.storyboard in Resources */ = {isa = PBXBuildFile; fileRef = DAD5C2001DA85FA5002996A0 /* LaunchScreen.storyboard */; };
		DAD5C20E1DA85FA5002996A0 /* Localizable.strings in Resources */ = {isa = PBXBuildFile; fileRef = DAD5C2071DA85FA5002996A0 /* Localizable.strings */; };
		DAD5C21C1DA86C47002996A0 /* CAppDelegate.swift in Sources */ = {isa = PBXBuildFile; fileRef = DAD5C21A1DA86C47002996A0 /* CAppDelegate.swift */; };
		DAF74BEF1DB5A48100F490CF /* MetalFilterBasicComic.swift in Sources */ = {isa = PBXBuildFile; fileRef = DAF74BEE1DB5A48100F490CF /* MetalFilterBasicComic.swift */; };
		DAF74BF11DB5A48C00F490CF /* MetalFilterBasicComic.metal in Sources */ = {isa = PBXBuildFile; fileRef = DAF74BF01DB5A48C00F490CF /* MetalFilterBasicComic.metal */; };
		DAF74BF31DB5A66900F490CF /* MFiltersItemBasicComic.swift in Sources */ = {isa = PBXBuildFile; fileRef = DAF74BF21DB5A66900F490CF /* MFiltersItemBasicComic.swift */; };
/* End PBXBuildFile section */

/* Begin PBXContainerItemProxy section */
		DAD5C1F11DA85DCC002996A0 /* PBXContainerItemProxy */ = {
			isa = PBXContainerItemProxy;
			containerPortal = DAD5C1D41DA85DCC002996A0 /* Project object */;
			proxyType = 1;
			remoteGlobalIDString = DAD5C1DB1DA85DCC002996A0;
			remoteInfo = metalic;
		};
/* End PBXContainerItemProxy section */

/* Begin PBXFileReference section */
		DA2162601DB81EF700F97B6C /* MetalFilterPremiumNeon.swift */ = {isa = PBXFileReference; fileEncoding = 4; lastKnownFileType = sourcecode.swift; path = MetalFilterPremiumNeon.swift; sourceTree = "<group>"; };
		DA2162621DB81F8D00F97B6C /* MFiltersItemPremiumNeon.swift */ = {isa = PBXFileReference; fileEncoding = 4; lastKnownFileType = sourcecode.swift; path = MFiltersItemPremiumNeon.swift; sourceTree = "<group>"; };
		DA2162641DB82CE400F97B6C /* MetalFilterPremiumEmber.swift */ = {isa = PBXFileReference; fileEncoding = 4; lastKnownFileType = sourcecode.swift; path = MetalFilterPremiumEmber.swift; sourceTree = "<group>"; };
		DA2162661DB82E2A00F97B6C /* MFiltersItemPremiumEmber.swift */ = {isa = PBXFileReference; fileEncoding = 4; lastKnownFileType = sourcecode.swift; path = MFiltersItemPremiumEmber.swift; sourceTree = "<group>"; };
		DA2162681DB82EBC00F97B6C /* MetalFilterNone.swift */ = {isa = PBXFileReference; fileEncoding = 4; lastKnownFileType = sourcecode.swift; path = MetalFilterNone.swift; sourceTree = "<group>"; };
		DA21626A1DB82EDE00F97B6C /* MFiltersItemNone.swift */ = {isa = PBXFileReference; fileEncoding = 4; lastKnownFileType = sourcecode.swift; path = MFiltersItemNone.swift; sourceTree = "<group>"; };
		DA21626C1DB83D8500F97B6C /* MetalFilterPremiumSelfer.metal */ = {isa = PBXFileReference; fileEncoding = 4; lastKnownFileType = sourcecode.metal; path = MetalFilterPremiumSelfer.metal; sourceTree = "<group>"; };
		DA21626D1DB83D8500F97B6C /* MetalFilterPremiumSelfer.swift */ = {isa = PBXFileReference; fileEncoding = 4; lastKnownFileType = sourcecode.swift; path = MetalFilterPremiumSelfer.swift; sourceTree = "<group>"; };
		DA2162701DB83DD000F97B6C /* MFiltersItemPremiumSelfer.swift */ = {isa = PBXFileReference; fileEncoding = 4; lastKnownFileType = sourcecode.swift; path = MFiltersItemPremiumSelfer.swift; sourceTree = "<group>"; };
		DA375C2B1DB99654004D7265 /* ExtensionUIColor.swift */ = {isa = PBXFileReference; fileEncoding = 4; lastKnownFileType = sourcecode.swift; path = ExtensionUIColor.swift; sourceTree = "<group>"; };
		DA40A0F81DB667D600DC42C6 /* MetalFilterBasicTest.swift */ = {isa = PBXFileReference; fileEncoding = 4; lastKnownFileType = sourcecode.swift; path = MetalFilterBasicTest.swift; sourceTree = "<group>"; };
		DA40A0FA1DB6684800DC42C6 /* MFiltersItemBasicTest.swift */ = {isa = PBXFileReference; fileEncoding = 4; lastKnownFileType = sourcecode.swift; path = MFiltersItemBasicTest.swift; sourceTree = "<group>"; };
		DA40A0FC1DB6747D00DC42C6 /* MetalFilterBasicChalk.swift */ = {isa = PBXFileReference; fileEncoding = 4; lastKnownFileType = sourcecode.swift; path = MetalFilterBasicChalk.swift; sourceTree = "<group>"; };
		DA40A0FE1DB6750D00DC42C6 /* MetalFilterBasicChalk.metal */ = {isa = PBXFileReference; fileEncoding = 4; lastKnownFileType = sourcecode.metal; path = MetalFilterBasicChalk.metal; sourceTree = "<group>"; };
		DA40A1001DB6758600DC42C6 /* MFiltersItemBasicChalk.swift */ = {isa = PBXFileReference; fileEncoding = 4; lastKnownFileType = sourcecode.swift; path = MFiltersItemBasicChalk.swift; sourceTree = "<group>"; };
		DA40A1021DB6B30800DC42C6 /* MetalFilterBasicDefine.swift */ = {isa = PBXFileReference; fileEncoding = 4; lastKnownFileType = sourcecode.swift; path = MetalFilterBasicDefine.swift; sourceTree = "<group>"; };
		DA40A1041DB6B43B00DC42C6 /* MFiltersItemBasicDefine.swift */ = {isa = PBXFileReference; fileEncoding = 4; lastKnownFileType = sourcecode.swift; path = MFiltersItemBasicDefine.swift; sourceTree = "<group>"; };
		DA46D8551DB140FD00B89DE9 /* MFilters.swift */ = {isa = PBXFileReference; fileEncoding = 4; lastKnownFileType = sourcecode.swift; path = MFilters.swift; sourceTree = "<group>"; };
		DA46D8571DB141C600B89DE9 /* MFiltersItem.swift */ = {isa = PBXFileReference; fileEncoding = 4; lastKnownFileType = sourcecode.swift; path = MFiltersItem.swift; sourceTree = "<group>"; };
		DA46D85A1DB1436F00B89DE9 /* MFiltersItemBasicInk.swift */ = {isa = PBXFileReference; fileEncoding = 4; lastKnownFileType = sourcecode.swift; path = MFiltersItemBasicInk.swift; sourceTree = "<group>"; };
		DA46D85C1DB1481E00B89DE9 /* MetalFilterBasicInk.swift */ = {isa = PBXFileReference; fileEncoding = 4; lastKnownFileType = sourcecode.swift; path = MetalFilterBasicInk.swift; sourceTree = "<group>"; };
		DA46D85F1DB14CA200B89DE9 /* MetalFilter.swift */ = {isa = PBXFileReference; fileEncoding = 4; lastKnownFileType = sourcecode.swift; path = MetalFilter.swift; sourceTree = "<group>"; };
		DA46D8631DB1680800B89DE9 /* VSpinner.swift */ = {isa = PBXFileReference; fileEncoding = 4; lastKnownFileType = sourcecode.swift; path = VSpinner.swift; sourceTree = "<group>"; };
		DA46D8651DB16C6700B89DE9 /* MetalFilterBasicInk.metal */ = {isa = PBXFileReference; fileEncoding = 4; lastKnownFileType = sourcecode.metal; path = MetalFilterBasicInk.metal; sourceTree = "<group>"; };
		DA48F6921DA9CA0800D7D3E3 /* CHome.swift */ = {isa = PBXFileReference; fileEncoding = 4; lastKnownFileType = sourcecode.swift; path = CHome.swift; sourceTree = "<group>"; };
		DA48F6941DAAFD7D00D7D3E3 /* VParent.swift */ = {isa = PBXFileReference; fileEncoding = 4; lastKnownFileType = sourcecode.swift; path = VParent.swift; sourceTree = "<group>"; };
		DA48F6961DAAFDD600D7D3E3 /* VBar.swift */ = {isa = PBXFileReference; fileEncoding = 4; lastKnownFileType = sourcecode.swift; path = VBar.swift; sourceTree = "<group>"; };
		DA48F6981DAAFDEE00D7D3E3 /* VBarCell.swift */ = {isa = PBXFileReference; fileEncoding = 4; lastKnownFileType = sourcecode.swift; path = VBarCell.swift; sourceTree = "<group>"; };
		DA48F69B1DAAFE5E00D7D3E3 /* MMain.swift */ = {isa = PBXFileReference; fileEncoding = 4; lastKnownFileType = sourcecode.swift; path = MMain.swift; sourceTree = "<group>"; };
		DA48F69D1DAAFE6700D7D3E3 /* MMainItem.swift */ = {isa = PBXFileReference; fileEncoding = 4; lastKnownFileType = sourcecode.swift; path = MMainItem.swift; sourceTree = "<group>"; };
		DA48F69F1DAAFE7500D7D3E3 /* MMainItemHome.swift */ = {isa = PBXFileReference; fileEncoding = 4; lastKnownFileType = sourcecode.swift; path = MMainItemHome.swift; sourceTree = "<group>"; };
		DA513CA71DAC420500031E5D /* VHomeMenu.swift */ = {isa = PBXFileReference; fileEncoding = 4; lastKnownFileType = sourcecode.swift; path = VHomeMenu.swift; sourceTree = "<group>"; };
		DA513CA91DAC425800031E5D /* VHomeMenuCell.swift */ = {isa = PBXFileReference; fileEncoding = 4; lastKnownFileType = sourcecode.swift; path = VHomeMenuCell.swift; sourceTree = "<group>"; };
		DA513CAB1DAC42B800031E5D /* VHomePicture.swift */ = {isa = PBXFileReference; fileEncoding = 4; lastKnownFileType = sourcecode.swift; path = VHomePicture.swift; sourceTree = "<group>"; };
		DA513CAF1DAC44F900031E5D /* VHomeSelector.swift */ = {isa = PBXFileReference; fileEncoding = 4; lastKnownFileType = sourcecode.swift; path = VHomeSelector.swift; sourceTree = "<group>"; };
		DA513CB11DAC4AEF00031E5D /* CHomePickerCamera.swift */ = {isa = PBXFileReference; fileEncoding = 4; lastKnownFileType = sourcecode.swift; path = CHomePickerCamera.swift; sourceTree = "<group>"; };
		DA513CB31DAC4F2C00031E5D /* CHomePickerLibrary.swift */ = {isa = PBXFileReference; fileEncoding = 4; lastKnownFileType = sourcecode.swift; path = CHomePickerLibrary.swift; sourceTree = "<group>"; };
		DA513CB51DAC54A600031E5D /* CParent.swift */ = {isa = PBXFileReference; fileEncoding = 4; lastKnownFileType = sourcecode.swift; path = CParent.swift; sourceTree = "<group>"; };
		DA9E561C1DAC375E00E0F1B4 /* CController.swift */ = {isa = PBXFileReference; fileEncoding = 4; lastKnownFileType = sourcecode.swift; path = CController.swift; sourceTree = "<group>"; };
		DA9E561E1DAC399500E0F1B4 /* Generic.xcassets */ = {isa = PBXFileReference; lastKnownFileType = folder.assetcatalog; path = Generic.xcassets; sourceTree = "<group>"; };
		DA9E56201DAC3C1D00E0F1B4 /* VHome.swift */ = {isa = PBXFileReference; fileEncoding = 4; lastKnownFileType = sourcecode.swift; path = VHome.swift; sourceTree = "<group>"; };
		DAA0C0031DB19B0F0017DBE1 /* MFiltersItemBasicRembrandt.swift */ = {isa = PBXFileReference; fileEncoding = 4; lastKnownFileType = sourcecode.swift; path = MFiltersItemBasicRembrandt.swift; sourceTree = "<group>"; };
		DAA0C0051DB19BE50017DBE1 /* MetalFilterBasicRembrandt.swift */ = {isa = PBXFileReference; fileEncoding = 4; lastKnownFileType = sourcecode.swift; path = MetalFilterBasicRembrandt.swift; sourceTree = "<group>"; };
		DAA0C0071DB19BEF0017DBE1 /* MetalFilterBasicRembrandt.metal */ = {isa = PBXFileReference; fileEncoding = 4; lastKnownFileType = sourcecode.metal; path = MetalFilterBasicRembrandt.metal; sourceTree = "<group>"; };
		DAA0C0091DB42EE20017DBE1 /* MFiltersItemBasicGothic.swift */ = {isa = PBXFileReference; fileEncoding = 4; lastKnownFileType = sourcecode.swift; path = MFiltersItemBasicGothic.swift; sourceTree = "<group>"; };
		DAA0C00B1DB42F330017DBE1 /* MetalFilterBasicGothic.metal */ = {isa = PBXFileReference; fileEncoding = 4; lastKnownFileType = sourcecode.metal; path = MetalFilterBasicGothic.metal; sourceTree = "<group>"; };
		DAA0C00D1DB42F3C0017DBE1 /* MetalFilterBasicGothic.swift */ = {isa = PBXFileReference; fileEncoding = 4; lastKnownFileType = sourcecode.swift; path = MetalFilterBasicGothic.swift; sourceTree = "<group>"; };
		DAA0C0151DB52C150017DBE1 /* ExtensionMTLTexture.swift */ = {isa = PBXFileReference; fileEncoding = 4; lastKnownFileType = sourcecode.swift; path = ExtensionMTLTexture.swift; sourceTree = "<group>"; };
		DAA0C0171DB5495C0017DBE1 /* CHomeFiltered.swift */ = {isa = PBXFileReference; fileEncoding = 4; lastKnownFileType = sourcecode.swift; path = CHomeFiltered.swift; sourceTree = "<group>"; };
		DAA0C01A1DB54A6F0017DBE1 /* VHomeFiltered.swift */ = {isa = PBXFileReference; fileEncoding = 4; lastKnownFileType = sourcecode.swift; path = VHomeFiltered.swift; sourceTree = "<group>"; };
		DAB94E4E1DAC29AF00880B1B /* MMainState.swift */ = {isa = PBXFileReference; fileEncoding = 4; lastKnownFileType = sourcecode.swift; path = MMainState.swift; sourceTree = "<group>"; };
		DAB94E501DAC2A2F00880B1B /* MMainStateOptions.swift */ = {isa = PBXFileReference; fileEncoding = 4; lastKnownFileType = sourcecode.swift; path = MMainStateOptions.swift; sourceTree = "<group>"; };
		DAB94E521DAC2A3A00880B1B /* MMainStatePushed.swift */ = {isa = PBXFileReference; fileEncoding = 4; lastKnownFileType = sourcecode.swift; path = MMainStatePushed.swift; sourceTree = "<group>"; };
		DAB94E571DAC2E9F00880B1B /* ExtensionUIFont.swift */ = {isa = PBXFileReference; fileEncoding = 4; lastKnownFileType = sourcecode.swift; path = ExtensionUIFont.swift; sourceTree = "<group>"; };
		DAB94E591DAC321000880B1B /* VShadow.swift */ = {isa = PBXFileReference; fileEncoding = 4; lastKnownFileType = sourcecode.swift; path = VShadow.swift; sourceTree = "<group>"; };
		DAB94E5B1DAC330800880B1B /* ExtensionUICollectionReusableView.swift */ = {isa = PBXFileReference; fileEncoding = 4; lastKnownFileType = sourcecode.swift; path = ExtensionUICollectionReusableView.swift; sourceTree = "<group>"; };
		DAD5C1DC1DA85DCC002996A0 /* metalic.app */ = {isa = PBXFileReference; explicitFileType = wrapper.application; includeInIndex = 0; path = metalic.app; sourceTree = BUILT_PRODUCTS_DIR; };
		DAD5C1F01DA85DCC002996A0 /* tests.xctest */ = {isa = PBXFileReference; explicitFileType = wrapper.cfbundle; includeInIndex = 0; path = tests.xctest; sourceTree = BUILT_PRODUCTS_DIR; };
		DAD5C2001DA85FA5002996A0 /* LaunchScreen.storyboard */ = {isa = PBXFileReference; fileEncoding = 4; lastKnownFileType = file.storyboard; path = LaunchScreen.storyboard; sourceTree = "<group>"; };
		DAD5C2041DA85FA5002996A0 /* Info.plist */ = {isa = PBXFileReference; fileEncoding = 4; lastKnownFileType = text.plist.xml; path = Info.plist; sourceTree = "<group>"; };
		DAD5C2081DA85FA5002996A0 /* en */ = {isa = PBXFileReference; lastKnownFileType = text.plist.strings; name = en; path = en.lproj/Localizable.strings; sourceTree = "<group>"; };
		DAD5C2101DA85FE9002996A0 /* Info.plist */ = {isa = PBXFileReference; fileEncoding = 4; lastKnownFileType = text.plist.xml; path = Info.plist; sourceTree = "<group>"; };
		DAD5C21A1DA86C47002996A0 /* CAppDelegate.swift */ = {isa = PBXFileReference; fileEncoding = 4; lastKnownFileType = sourcecode.swift; path = CAppDelegate.swift; sourceTree = "<group>"; };
		DAF74BEE1DB5A48100F490CF /* MetalFilterBasicComic.swift */ = {isa = PBXFileReference; fileEncoding = 4; lastKnownFileType = sourcecode.swift; path = MetalFilterBasicComic.swift; sourceTree = "<group>"; };
		DAF74BF01DB5A48C00F490CF /* MetalFilterBasicComic.metal */ = {isa = PBXFileReference; fileEncoding = 4; lastKnownFileType = sourcecode.metal; path = MetalFilterBasicComic.metal; sourceTree = "<group>"; };
		DAF74BF21DB5A66900F490CF /* MFiltersItemBasicComic.swift */ = {isa = PBXFileReference; fileEncoding = 4; lastKnownFileType = sourcecode.swift; path = MFiltersItemBasicComic.swift; sourceTree = "<group>"; };
/* End PBXFileReference section */

/* Begin PBXFrameworksBuildPhase section */
		DAD5C1D91DA85DCC002996A0 /* Frameworks */ = {
			isa = PBXFrameworksBuildPhase;
			buildActionMask = 2147483647;
			files = (
			);
			runOnlyForDeploymentPostprocessing = 0;
		};
		DAD5C1ED1DA85DCC002996A0 /* Frameworks */ = {
			isa = PBXFrameworksBuildPhase;
			buildActionMask = 2147483647;
			files = (
			);
			runOnlyForDeploymentPostprocessing = 0;
		};
/* End PBXFrameworksBuildPhase section */

/* Begin PBXGroup section */
		DA21625F1DB81EDF00F97B6C /* Premium */ = {
			isa = PBXGroup;
			children = (
				DA21626D1DB83D8500F97B6C /* MetalFilterPremiumSelfer.swift */,
				DA21626C1DB83D8500F97B6C /* MetalFilterPremiumSelfer.metal */,
				DA2162601DB81EF700F97B6C /* MetalFilterPremiumNeon.swift */,
				DA2162641DB82CE400F97B6C /* MetalFilterPremiumEmber.swift */,
			);
			path = Premium;
			sourceTree = "<group>";
		};
		DA46D8521DB126B200B89DE9 /* Filters */ = {
			isa = PBXGroup;
			children = (
				DA46D8591DB142F500B89DE9 /* Premium */,
				DA46D8531DB126B200B89DE9 /* Abstract */,
				DA46D8541DB126B200B89DE9 /* Basic */,
			);
			path = Filters;
			sourceTree = "<group>";
		};
		DA46D8531DB126B200B89DE9 /* Abstract */ = {
			isa = PBXGroup;
			children = (
				DA46D8551DB140FD00B89DE9 /* MFilters.swift */,
				DA46D8571DB141C600B89DE9 /* MFiltersItem.swift */,
				DA21626A1DB82EDE00F97B6C /* MFiltersItemNone.swift */,
			);
			path = Abstract;
			sourceTree = "<group>";
		};
		DA46D8541DB126B200B89DE9 /* Basic */ = {
			isa = PBXGroup;
			children = (
				DA46D85A1DB1436F00B89DE9 /* MFiltersItemBasicInk.swift */,
				DAA0C0091DB42EE20017DBE1 /* MFiltersItemBasicGothic.swift */,
				DAA0C0031DB19B0F0017DBE1 /* MFiltersItemBasicRembrandt.swift */,
				DAF74BF21DB5A66900F490CF /* MFiltersItemBasicComic.swift */,
				DA40A1001DB6758600DC42C6 /* MFiltersItemBasicChalk.swift */,
				DA40A1041DB6B43B00DC42C6 /* MFiltersItemBasicDefine.swift */,
				DA40A0FA1DB6684800DC42C6 /* MFiltersItemBasicTest.swift */,
			);
			path = Basic;
			sourceTree = "<group>";
		};
		DA46D8591DB142F500B89DE9 /* Premium */ = {
			isa = PBXGroup;
			children = (
				DA2162701DB83DD000F97B6C /* MFiltersItemPremiumSelfer.swift */,
				DA2162621DB81F8D00F97B6C /* MFiltersItemPremiumNeon.swift */,
				DA2162661DB82E2A00F97B6C /* MFiltersItemPremiumEmber.swift */,
			);
			path = Premium;
			sourceTree = "<group>";
		};
		DA46D85E1DB14C9800B89DE9 /* Abstract */ = {
			isa = PBXGroup;
			children = (
				DA46D85F1DB14CA200B89DE9 /* MetalFilter.swift */,
				DA2162681DB82EBC00F97B6C /* MetalFilterNone.swift */,
			);
			path = Abstract;
			sourceTree = "<group>";
		};
		DA48F69A1DAAFE3D00D7D3E3 /* Main */ = {
			isa = PBXGroup;
			children = (
				DA48F69B1DAAFE5E00D7D3E3 /* MMain.swift */,
				DA48F69D1DAAFE6700D7D3E3 /* MMainItem.swift */,
				DA48F69F1DAAFE7500D7D3E3 /* MMainItemHome.swift */,
				DAB94E4E1DAC29AF00880B1B /* MMainState.swift */,
				DAB94E501DAC2A2F00880B1B /* MMainStateOptions.swift */,
				DAB94E521DAC2A3A00880B1B /* MMainStatePushed.swift */,
			);
			path = Main;
			sourceTree = "<group>";
		};
		DA4C0A571DAD3153006934D1 /* Metal */ = {
			isa = PBXGroup;
			children = (
				DA21625F1DB81EDF00F97B6C /* Premium */,
				DA46D85E1DB14C9800B89DE9 /* Abstract */,
				DA4C0A581DAD3153006934D1 /* Basic */,
			);
			path = Metal;
			sourceTree = "<group>";
		};
		DA4C0A581DAD3153006934D1 /* Basic */ = {
			isa = PBXGroup;
			children = (
				DA46D85C1DB1481E00B89DE9 /* MetalFilterBasicInk.swift */,
				DA46D8651DB16C6700B89DE9 /* MetalFilterBasicInk.metal */,
				DAA0C00D1DB42F3C0017DBE1 /* MetalFilterBasicGothic.swift */,
				DAA0C00B1DB42F330017DBE1 /* MetalFilterBasicGothic.metal */,
				DAA0C0051DB19BE50017DBE1 /* MetalFilterBasicRembrandt.swift */,
				DAA0C0071DB19BEF0017DBE1 /* MetalFilterBasicRembrandt.metal */,
				DAF74BEE1DB5A48100F490CF /* MetalFilterBasicComic.swift */,
				DAF74BF01DB5A48C00F490CF /* MetalFilterBasicComic.metal */,
				DA40A0FC1DB6747D00DC42C6 /* MetalFilterBasicChalk.swift */,
				DA40A0FE1DB6750D00DC42C6 /* MetalFilterBasicChalk.metal */,
				DA40A1021DB6B30800DC42C6 /* MetalFilterBasicDefine.swift */,
				DA40A0F81DB667D600DC42C6 /* MetalFilterBasicTest.swift */,
			);
			path = Basic;
			sourceTree = "<group>";
		};
		DAA0C0191DB54A660017DBE1 /* HomeFiltered */ = {
			isa = PBXGroup;
			children = (
				DAA0C01A1DB54A6F0017DBE1 /* VHomeFiltered.swift */,
			);
			path = HomeFiltered;
			sourceTree = "<group>";
		};
		DAB94E541DAC2C0E00880B1B /* Extensions */ = {
			isa = PBXGroup;
			children = (
				DA375C2B1DB99654004D7265 /* ExtensionUIColor.swift */,
				DAB94E571DAC2E9F00880B1B /* ExtensionUIFont.swift */,
				DAB94E5B1DAC330800880B1B /* ExtensionUICollectionReusableView.swift */,
				DAA0C0151DB52C150017DBE1 /* ExtensionMTLTexture.swift */,
			);
			path = Extensions;
			sourceTree = "<group>";
		};
		DAD5C1D31DA85DCC002996A0 = {
			isa = PBXGroup;
			children = (
				DAD5C1DE1DA85DCC002996A0 /* metalic */,
				DAD5C1DD1DA85DCC002996A0 /* Products */,
			);
			sourceTree = "<group>";
		};
		DAD5C1DD1DA85DCC002996A0 /* Products */ = {
			isa = PBXGroup;
			children = (
				DAD5C1DC1DA85DCC002996A0 /* metalic.app */,
				DAD5C1F01DA85DCC002996A0 /* tests.xctest */,
			);
			name = Products;
			sourceTree = "<group>";
		};
		DAD5C1DE1DA85DCC002996A0 /* metalic */ = {
			isa = PBXGroup;
			children = (
				DA4C0A571DAD3153006934D1 /* Metal */,
				DAB94E541DAC2C0E00880B1B /* Extensions */,
				DAD5C20F1DA85FE9002996A0 /* Tests */,
				DAD5C1FF1DA85FA5002996A0 /* Assets */,
				DAD5C2011DA85FA5002996A0 /* Controller */,
				DAD5C2041DA85FA5002996A0 /* Info.plist */,
				DAD5C2051DA85FA5002996A0 /* Model */,
				DAD5C2061DA85FA5002996A0 /* Resource */,
				DAD5C2091DA85FA5002996A0 /* View */,
			);
			path = metalic;
			sourceTree = "<group>";
		};
		DAD5C1FF1DA85FA5002996A0 /* Assets */ = {
			isa = PBXGroup;
			children = (
				DAD5C2001DA85FA5002996A0 /* LaunchScreen.storyboard */,
				DA9E561E1DAC399500E0F1B4 /* Generic.xcassets */,
			);
			path = Assets;
			sourceTree = "<group>";
		};
		DAD5C2011DA85FA5002996A0 /* Controller */ = {
			isa = PBXGroup;
			children = (
				DAD5C2181DA86C47002996A0 /* Home */,
				DAD5C2191DA86C47002996A0 /* Main */,
			);
			path = Controller;
			sourceTree = "<group>";
		};
		DAD5C2051DA85FA5002996A0 /* Model */ = {
			isa = PBXGroup;
			children = (
				DA46D8521DB126B200B89DE9 /* Filters */,
				DA48F69A1DAAFE3D00D7D3E3 /* Main */,
			);
			path = Model;
			sourceTree = "<group>";
		};
		DAD5C2061DA85FA5002996A0 /* Resource */ = {
			isa = PBXGroup;
			children = (
				DAD5C2071DA85FA5002996A0 /* Localizable.strings */,
			);
			path = Resource;
			sourceTree = "<group>";
		};
		DAD5C2091DA85FA5002996A0 /* View */ = {
			isa = PBXGroup;
			children = (
				DAA0C0191DB54A660017DBE1 /* HomeFiltered */,
				DAD5C21E1DA86C4E002996A0 /* Home */,
				DAD5C21F1DA86C4E002996A0 /* Main */,
			);
			path = View;
			sourceTree = "<group>";
		};
		DAD5C20F1DA85FE9002996A0 /* Tests */ = {
			isa = PBXGroup;
			children = (
				DAD5C2101DA85FE9002996A0 /* Info.plist */,
			);
			path = Tests;
			sourceTree = "<group>";
		};
		DAD5C2181DA86C47002996A0 /* Home */ = {
			isa = PBXGroup;
			children = (
				DA48F6921DA9CA0800D7D3E3 /* CHome.swift */,
				DA513CB11DAC4AEF00031E5D /* CHomePickerCamera.swift */,
				DA513CB31DAC4F2C00031E5D /* CHomePickerLibrary.swift */,
				DAA0C0171DB5495C0017DBE1 /* CHomeFiltered.swift */,
			);
			path = Home;
			sourceTree = "<group>";
		};
		DAD5C2191DA86C47002996A0 /* Main */ = {
			isa = PBXGroup;
			children = (
				DAD5C21A1DA86C47002996A0 /* CAppDelegate.swift */,
				DA513CB51DAC54A600031E5D /* CParent.swift */,
				DA9E561C1DAC375E00E0F1B4 /* CController.swift */,
			);
			path = Main;
			sourceTree = "<group>";
		};
		DAD5C21E1DA86C4E002996A0 /* Home */ = {
			isa = PBXGroup;
			children = (
				DA9E56201DAC3C1D00E0F1B4 /* VHome.swift */,
				DA513CAB1DAC42B800031E5D /* VHomePicture.swift */,
				DA513CAF1DAC44F900031E5D /* VHomeSelector.swift */,
				DA513CA71DAC420500031E5D /* VHomeMenu.swift */,
				DA513CA91DAC425800031E5D /* VHomeMenuCell.swift */,
			);
			path = Home;
			sourceTree = "<group>";
		};
		DAD5C21F1DA86C4E002996A0 /* Main */ = {
			isa = PBXGroup;
			children = (
				DA48F6941DAAFD7D00D7D3E3 /* VParent.swift */,
				DA48F6961DAAFDD600D7D3E3 /* VBar.swift */,
				DA48F6981DAAFDEE00D7D3E3 /* VBarCell.swift */,
				DAB94E591DAC321000880B1B /* VShadow.swift */,
				DA46D8631DB1680800B89DE9 /* VSpinner.swift */,
			);
			path = Main;
			sourceTree = "<group>";
		};
/* End PBXGroup section */

/* Begin PBXNativeTarget section */
		DAD5C1DB1DA85DCC002996A0 /* metalic */ = {
			isa = PBXNativeTarget;
			buildConfigurationList = DAD5C1F91DA85DCC002996A0 /* Build configuration list for PBXNativeTarget "metalic" */;
			buildPhases = (
				DAD5C1D81DA85DCC002996A0 /* Sources */,
				DAD5C1D91DA85DCC002996A0 /* Frameworks */,
				DAD5C1DA1DA85DCC002996A0 /* Resources */,
			);
			buildRules = (
			);
			dependencies = (
			);
			name = metalic;
			productName = metalic;
			productReference = DAD5C1DC1DA85DCC002996A0 /* metalic.app */;
			productType = "com.apple.product-type.application";
		};
		DAD5C1EF1DA85DCC002996A0 /* tests */ = {
			isa = PBXNativeTarget;
			buildConfigurationList = DAD5C1FC1DA85DCC002996A0 /* Build configuration list for PBXNativeTarget "tests" */;
			buildPhases = (
				DAD5C1EC1DA85DCC002996A0 /* Sources */,
				DAD5C1ED1DA85DCC002996A0 /* Frameworks */,
				DAD5C1EE1DA85DCC002996A0 /* Resources */,
			);
			buildRules = (
			);
			dependencies = (
				DAD5C1F21DA85DCC002996A0 /* PBXTargetDependency */,
			);
			name = tests;
			productName = metalicTests;
			productReference = DAD5C1F01DA85DCC002996A0 /* tests.xctest */;
			productType = "com.apple.product-type.bundle.unit-test";
		};
/* End PBXNativeTarget section */

/* Begin PBXProject section */
		DAD5C1D41DA85DCC002996A0 /* Project object */ = {
			isa = PBXProject;
			attributes = {
				LastSwiftUpdateCheck = 0800;
				LastUpgradeCheck = 0800;
				ORGANIZATIONNAME = iturbide;
				TargetAttributes = {
					DAD5C1DB1DA85DCC002996A0 = {
						CreatedOnToolsVersion = 8.0;
						DevelopmentTeam = 7AMWG3RLHN;
						ProvisioningStyle = Manual;
					};
					DAD5C1EF1DA85DCC002996A0 = {
						CreatedOnToolsVersion = 8.0;
						DevelopmentTeam = 7AMWG3RLHN;
						ProvisioningStyle = Automatic;
						TestTargetID = DAD5C1DB1DA85DCC002996A0;
					};
				};
			};
			buildConfigurationList = DAD5C1D71DA85DCC002996A0 /* Build configuration list for PBXProject "metalic" */;
			compatibilityVersion = "Xcode 3.2";
			developmentRegion = English;
			hasScannedForEncodings = 0;
			knownRegions = (
				en,
				Base,
			);
			mainGroup = DAD5C1D31DA85DCC002996A0;
			productRefGroup = DAD5C1DD1DA85DCC002996A0 /* Products */;
			projectDirPath = "";
			projectRoot = "";
			targets = (
				DAD5C1DB1DA85DCC002996A0 /* metalic */,
				DAD5C1EF1DA85DCC002996A0 /* tests */,
			);
		};
/* End PBXProject section */

/* Begin PBXResourcesBuildPhase section */
		DAD5C1DA1DA85DCC002996A0 /* Resources */ = {
			isa = PBXResourcesBuildPhase;
			buildActionMask = 2147483647;
			files = (
				DAD5C20E1DA85FA5002996A0 /* Localizable.strings in Resources */,
				DAD5C20A1DA85FA5002996A0 /* LaunchScreen.storyboard in Resources */,
				DA9E561F1DAC399500E0F1B4 /* Generic.xcassets in Resources */,
			);
			runOnlyForDeploymentPostprocessing = 0;
		};
		DAD5C1EE1DA85DCC002996A0 /* Resources */ = {
			isa = PBXResourcesBuildPhase;
			buildActionMask = 2147483647;
			files = (
			);
			runOnlyForDeploymentPostprocessing = 0;
		};
/* End PBXResourcesBuildPhase section */

/* Begin PBXSourcesBuildPhase section */
		DAD5C1D81DA85DCC002996A0 /* Sources */ = {
			isa = PBXSourcesBuildPhase;
			buildActionMask = 2147483647;
			files = (
				DA48F69C1DAAFE5E00D7D3E3 /* MMain.swift in Sources */,
				DA46D8601DB14CA200B89DE9 /* MetalFilter.swift in Sources */,
				DA21626B1DB82EDE00F97B6C /* MFiltersItemNone.swift in Sources */,
				DA40A0FF1DB6750D00DC42C6 /* MetalFilterBasicChalk.metal in Sources */,
				DAF74BEF1DB5A48100F490CF /* MetalFilterBasicComic.swift in Sources */,
				DA46D8561DB140FD00B89DE9 /* MFilters.swift in Sources */,
				DA46D8581DB141C600B89DE9 /* MFiltersItem.swift in Sources */,
				DAA0C0041DB19B0F0017DBE1 /* MFiltersItemBasicRembrandt.swift in Sources */,
				DA2162611DB81EF700F97B6C /* MetalFilterPremiumNeon.swift in Sources */,
				DAB94E511DAC2A2F00880B1B /* MMainStateOptions.swift in Sources */,
				DA513CB41DAC4F2C00031E5D /* CHomePickerLibrary.swift in Sources */,
				DA46D85D1DB1481E00B89DE9 /* MetalFilterBasicInk.swift in Sources */,
				DAA0C00C1DB42F330017DBE1 /* MetalFilterBasicGothic.metal in Sources */,
				DA513CB21DAC4AEF00031E5D /* CHomePickerCamera.swift in Sources */,
				DAB94E531DAC2A3A00880B1B /* MMainStatePushed.swift in Sources */,
				DA513CB61DAC54A600031E5D /* CParent.swift in Sources */,
				DA375C2C1DB99654004D7265 /* ExtensionUIColor.swift in Sources */,
				DAA0C0081DB19BEF0017DBE1 /* MetalFilterBasicRembrandt.metal in Sources */,
				DA9E56211DAC3C1D00E0F1B4 /* VHome.swift in Sources */,
				DAA0C01B1DB54A6F0017DBE1 /* VHomeFiltered.swift in Sources */,
				DAB94E5A1DAC321000880B1B /* VShadow.swift in Sources */,
				DAD5C21C1DA86C47002996A0 /* CAppDelegate.swift in Sources */,
				DA40A0FB1DB6684800DC42C6 /* MFiltersItemBasicTest.swift in Sources */,
				DA40A1011DB6758600DC42C6 /* MFiltersItemBasicChalk.swift in Sources */,
				DA48F6991DAAFDEE00D7D3E3 /* VBarCell.swift in Sources */,
				DA513CAC1DAC42B800031E5D /* VHomePicture.swift in Sources */,
				DA2162631DB81F8D00F97B6C /* MFiltersItemPremiumNeon.swift in Sources */,
				DAB94E581DAC2E9F00880B1B /* ExtensionUIFont.swift in Sources */,
				DA48F6951DAAFD7D00D7D3E3 /* VParent.swift in Sources */,
				DA40A0FD1DB6747D00DC42C6 /* MetalFilterBasicChalk.swift in Sources */,
				DA513CAA1DAC425800031E5D /* VHomeMenuCell.swift in Sources */,
				DA48F6931DA9CA0800D7D3E3 /* CHome.swift in Sources */,
				DAB94E4F1DAC29AF00880B1B /* MMainState.swift in Sources */,
				DA46D85B1DB1436F00B89DE9 /* MFiltersItemBasicInk.swift in Sources */,
				DAA0C0161DB52C150017DBE1 /* ExtensionMTLTexture.swift in Sources */,
				DAA0C0181DB5495C0017DBE1 /* CHomeFiltered.swift in Sources */,
				DA2162711DB83DD000F97B6C /* MFiltersItemPremiumSelfer.swift in Sources */,
				DA2162651DB82CE400F97B6C /* MetalFilterPremiumEmber.swift in Sources */,
				DA46D8641DB1680800B89DE9 /* VSpinner.swift in Sources */,
				DAA0C00E1DB42F3C0017DBE1 /* MetalFilterBasicGothic.swift in Sources */,
				DA21626E1DB83D8500F97B6C /* MetalFilterPremiumSelfer.metal in Sources */,
				DA513CA81DAC420500031E5D /* VHomeMenu.swift in Sources */,
				DA48F6971DAAFDD600D7D3E3 /* VBar.swift in Sources */,
				DA2162691DB82EBC00F97B6C /* MetalFilterNone.swift in Sources */,
				DAF74BF31DB5A66900F490CF /* MFiltersItemBasicComic.swift in Sources */,
				DA21626F1DB83D8500F97B6C /* MetalFilterPremiumSelfer.swift in Sources */,
				DA9E561D1DAC375E00E0F1B4 /* CController.swift in Sources */,
				DAF74BF11DB5A48C00F490CF /* MetalFilterBasicComic.metal in Sources */,
				DAB94E5C1DAC330800880B1B /* ExtensionUICollectionReusableView.swift in Sources */,
				DAA0C00A1DB42EE20017DBE1 /* MFiltersItemBasicGothic.swift in Sources */,
				DA40A0F91DB667D600DC42C6 /* MetalFilterBasicTest.swift in Sources */,
				DA40A1051DB6B43B00DC42C6 /* MFiltersItemBasicDefine.swift in Sources */,
				DA48F69E1DAAFE6700D7D3E3 /* MMainItem.swift in Sources */,
				DA40A1031DB6B30800DC42C6 /* MetalFilterBasicDefine.swift in Sources */,
				DAA0C0061DB19BE50017DBE1 /* MetalFilterBasicRembrandt.swift in Sources */,
				DA513CB01DAC44F900031E5D /* VHomeSelector.swift in Sources */,
				DA2162671DB82E2A00F97B6C /* MFiltersItemPremiumEmber.swift in Sources */,
				DA48F6A01DAAFE7500D7D3E3 /* MMainItemHome.swift in Sources */,
				DA46D8661DB16C6700B89DE9 /* MetalFilterBasicInk.metal in Sources */,
			);
			runOnlyForDeploymentPostprocessing = 0;
		};
		DAD5C1EC1DA85DCC002996A0 /* Sources */ = {
			isa = PBXSourcesBuildPhase;
			buildActionMask = 2147483647;
			files = (
			);
			runOnlyForDeploymentPostprocessing = 0;
		};
/* End PBXSourcesBuildPhase section */

/* Begin PBXTargetDependency section */
		DAD5C1F21DA85DCC002996A0 /* PBXTargetDependency */ = {
			isa = PBXTargetDependency;
			target = DAD5C1DB1DA85DCC002996A0 /* metalic */;
			targetProxy = DAD5C1F11DA85DCC002996A0 /* PBXContainerItemProxy */;
		};
/* End PBXTargetDependency section */

/* Begin PBXVariantGroup section */
		DAD5C2071DA85FA5002996A0 /* Localizable.strings */ = {
			isa = PBXVariantGroup;
			children = (
				DAD5C2081DA85FA5002996A0 /* en */,
			);
			name = Localizable.strings;
			sourceTree = "<group>";
		};
/* End PBXVariantGroup section */

/* Begin XCBuildConfiguration section */
		DAD5C1F71DA85DCC002996A0 /* Debug */ = {
			isa = XCBuildConfiguration;
			buildSettings = {
				ALWAYS_SEARCH_USER_PATHS = NO;
				CLANG_ANALYZER_NONNULL = YES;
				CLANG_CXX_LANGUAGE_STANDARD = "gnu++0x";
				CLANG_CXX_LIBRARY = "libc++";
				CLANG_ENABLE_MODULES = YES;
				CLANG_ENABLE_OBJC_ARC = YES;
				CLANG_WARN_BOOL_CONVERSION = YES;
				CLANG_WARN_CONSTANT_CONVERSION = YES;
				CLANG_WARN_DIRECT_OBJC_ISA_USAGE = YES_ERROR;
				CLANG_WARN_DOCUMENTATION_COMMENTS = YES;
				CLANG_WARN_EMPTY_BODY = YES;
				CLANG_WARN_ENUM_CONVERSION = YES;
				CLANG_WARN_INFINITE_RECURSION = YES;
				CLANG_WARN_INT_CONVERSION = YES;
				CLANG_WARN_OBJC_ROOT_CLASS = YES_ERROR;
				CLANG_WARN_SUSPICIOUS_MOVES = YES;
				CLANG_WARN_UNREACHABLE_CODE = YES;
				CLANG_WARN__DUPLICATE_METHOD_MATCH = YES;
				"CODE_SIGN_IDENTITY[sdk=iphoneos*]" = "iPhone Developer";
				COPY_PHASE_STRIP = NO;
				DEBUG_INFORMATION_FORMAT = dwarf;
				ENABLE_STRICT_OBJC_MSGSEND = YES;
				ENABLE_TESTABILITY = YES;
				GCC_C_LANGUAGE_STANDARD = gnu99;
				GCC_DYNAMIC_NO_PIC = NO;
				GCC_NO_COMMON_BLOCKS = YES;
				GCC_OPTIMIZATION_LEVEL = 0;
				GCC_PREPROCESSOR_DEFINITIONS = (
					"DEBUG=1",
					"$(inherited)",
				);
				GCC_WARN_64_TO_32_BIT_CONVERSION = YES;
				GCC_WARN_ABOUT_RETURN_TYPE = YES_ERROR;
				GCC_WARN_UNDECLARED_SELECTOR = YES;
				GCC_WARN_UNINITIALIZED_AUTOS = YES_AGGRESSIVE;
				GCC_WARN_UNUSED_FUNCTION = YES;
				GCC_WARN_UNUSED_VARIABLE = YES;
				IPHONEOS_DEPLOYMENT_TARGET = 9.0;
				MTL_ENABLE_DEBUG_INFO = YES;
				ONLY_ACTIVE_ARCH = YES;
				SDKROOT = iphoneos;
				SWIFT_ACTIVE_COMPILATION_CONDITIONS = DEBUG;
				SWIFT_OPTIMIZATION_LEVEL = "-Onone";
				TARGETED_DEVICE_FAMILY = "1,2";
			};
			name = Debug;
		};
		DAD5C1F81DA85DCC002996A0 /* Release */ = {
			isa = XCBuildConfiguration;
			buildSettings = {
				ALWAYS_SEARCH_USER_PATHS = NO;
				CLANG_ANALYZER_NONNULL = YES;
				CLANG_CXX_LANGUAGE_STANDARD = "gnu++0x";
				CLANG_CXX_LIBRARY = "libc++";
				CLANG_ENABLE_MODULES = YES;
				CLANG_ENABLE_OBJC_ARC = YES;
				CLANG_WARN_BOOL_CONVERSION = YES;
				CLANG_WARN_CONSTANT_CONVERSION = YES;
				CLANG_WARN_DIRECT_OBJC_ISA_USAGE = YES_ERROR;
				CLANG_WARN_DOCUMENTATION_COMMENTS = YES;
				CLANG_WARN_EMPTY_BODY = YES;
				CLANG_WARN_ENUM_CONVERSION = YES;
				CLANG_WARN_INFINITE_RECURSION = YES;
				CLANG_WARN_INT_CONVERSION = YES;
				CLANG_WARN_OBJC_ROOT_CLASS = YES_ERROR;
				CLANG_WARN_SUSPICIOUS_MOVES = YES;
				CLANG_WARN_UNREACHABLE_CODE = YES;
				CLANG_WARN__DUPLICATE_METHOD_MATCH = YES;
				"CODE_SIGN_IDENTITY[sdk=iphoneos*]" = "iPhone Developer";
				COPY_PHASE_STRIP = NO;
				DEBUG_INFORMATION_FORMAT = "dwarf-with-dsym";
				ENABLE_NS_ASSERTIONS = NO;
				ENABLE_STRICT_OBJC_MSGSEND = YES;
				GCC_C_LANGUAGE_STANDARD = gnu99;
				GCC_NO_COMMON_BLOCKS = YES;
				GCC_WARN_64_TO_32_BIT_CONVERSION = YES;
				GCC_WARN_ABOUT_RETURN_TYPE = YES_ERROR;
				GCC_WARN_UNDECLARED_SELECTOR = YES;
				GCC_WARN_UNINITIALIZED_AUTOS = YES_AGGRESSIVE;
				GCC_WARN_UNUSED_FUNCTION = YES;
				GCC_WARN_UNUSED_VARIABLE = YES;
				IPHONEOS_DEPLOYMENT_TARGET = 9.0;
				MTL_ENABLE_DEBUG_INFO = NO;
				SDKROOT = iphoneos;
				SWIFT_OPTIMIZATION_LEVEL = "-Owholemodule";
				TARGETED_DEVICE_FAMILY = "1,2";
				VALIDATE_PRODUCT = YES;
			};
			name = Release;
		};
		DAD5C1FA1DA85DCC002996A0 /* Debug */ = {
			isa = XCBuildConfiguration;
			buildSettings = {
				DEVELOPMENT_TEAM = 7AMWG3RLHN;
				INFOPLIST_FILE = metalic/Info.plist;
				LD_RUNPATH_SEARCH_PATHS = "$(inherited) @executable_path/Frameworks";
				PRODUCT_BUNDLE_IDENTIFIER = iturbide.metalic;
				PRODUCT_NAME = "$(TARGET_NAME)";
				PROVISIONING_PROFILE = "2d4e2185-b0a3-4fbc-97f9-7baba6135497";
				PROVISIONING_PROFILE_SPECIFIER = "metalic dev";
				SWIFT_VERSION = 3.0;
				TARGETED_DEVICE_FAMILY = "1,2";
			};
			name = Debug;
		};
		DAD5C1FB1DA85DCC002996A0 /* Release */ = {
			isa = XCBuildConfiguration;
			buildSettings = {
				"CODE_SIGN_IDENTITY[sdk=iphoneos*]" = "iPhone Distribution";
				DEVELOPMENT_TEAM = 7AMWG3RLHN;
				INFOPLIST_FILE = metalic/Info.plist;
				LD_RUNPATH_SEARCH_PATHS = "$(inherited) @executable_path/Frameworks";
				PRODUCT_BUNDLE_IDENTIFIER = iturbide.metalic;
				PRODUCT_NAME = "$(TARGET_NAME)";
				PROVISIONING_PROFILE = "7e9786f5-34a1-4366-b71a-78e1a961f25c";
				PROVISIONING_PROFILE_SPECIFIER = "metalic dist";
				SWIFT_VERSION = 3.0;
				TARGETED_DEVICE_FAMILY = "1,2";
			};
			name = Release;
		};
		DAD5C1FD1DA85DCC002996A0 /* Debug */ = {
			isa = XCBuildConfiguration;
			buildSettings = {
				ALWAYS_EMBED_SWIFT_STANDARD_LIBRARIES = YES;
				BUNDLE_LOADER = "$(TEST_HOST)";
				DEVELOPMENT_TEAM = 7AMWG3RLHN;
				INFOPLIST_FILE = metalic/Tests/Info.plist;
				LD_RUNPATH_SEARCH_PATHS = "$(inherited) @executable_path/Frameworks @loader_path/Frameworks";
				PRODUCT_BUNDLE_IDENTIFIER = iturbide.metalicTests;
				PRODUCT_NAME = "$(TARGET_NAME)";
				SWIFT_VERSION = 3.0;
				TEST_HOST = "$(BUILT_PRODUCTS_DIR)/metalic.app/metalic";
			};
			name = Debug;
		};
		DAD5C1FE1DA85DCC002996A0 /* Release */ = {
			isa = XCBuildConfiguration;
			buildSettings = {
				ALWAYS_EMBED_SWIFT_STANDARD_LIBRARIES = YES;
				BUNDLE_LOADER = "$(TEST_HOST)";
				DEVELOPMENT_TEAM = 7AMWG3RLHN;
				INFOPLIST_FILE = metalic/Tests/Info.plist;
				LD_RUNPATH_SEARCH_PATHS = "$(inherited) @executable_path/Frameworks @loader_path/Frameworks";
				PRODUCT_BUNDLE_IDENTIFIER = iturbide.metalicTests;
				PRODUCT_NAME = "$(TARGET_NAME)";
				SWIFT_VERSION = 3.0;
				TEST_HOST = "$(BUILT_PRODUCTS_DIR)/metalic.app/metalic";
			};
			name = Release;
		};
/* End XCBuildConfiguration section */

/* Begin XCConfigurationList section */
		DAD5C1D71DA85DCC002996A0 /* Build configuration list for PBXProject "metalic" */ = {
			isa = XCConfigurationList;
			buildConfigurations = (
				DAD5C1F71DA85DCC002996A0 /* Debug */,
				DAD5C1F81DA85DCC002996A0 /* Release */,
			);
			defaultConfigurationIsVisible = 0;
			defaultConfigurationName = Release;
		};
		DAD5C1F91DA85DCC002996A0 /* Build configuration list for PBXNativeTarget "metalic" */ = {
			isa = XCConfigurationList;
			buildConfigurations = (
				DAD5C1FA1DA85DCC002996A0 /* Debug */,
				DAD5C1FB1DA85DCC002996A0 /* Release */,
			);
			defaultConfigurationIsVisible = 0;
			defaultConfigurationName = Release;
		};
		DAD5C1FC1DA85DCC002996A0 /* Build configuration list for PBXNativeTarget "tests" */ = {
			isa = XCConfigurationList;
			buildConfigurations = (
				DAD5C1FD1DA85DCC002996A0 /* Debug */,
				DAD5C1FE1DA85DCC002996A0 /* Release */,
			);
			defaultConfigurationIsVisible = 0;
			defaultConfigurationName = Release;
		};
/* End XCConfigurationList section */
	};
	rootObject = DAD5C1D41DA85DCC002996A0 /* Project object */;
}
