// !$*UTF8*$!
{
	archiveVersion = 1;
	classes = {
	};
	objectVersion = 46;
	objects = {

/* Begin PBXBuildFile section */
		4BE39DB681C140E58180A721 /* Pods_metalic.framework in Frameworks */ = {isa = PBXBuildFile; fileRef = CDBD3BD4CE598B1C025E026B /* Pods_metalic.framework */; };
		B18ECED26F0D0C0D65E93FCE /* Pods_tests.framework in Frameworks */ = {isa = PBXBuildFile; fileRef = E48063F423406A42E808EF2B /* Pods_tests.framework */; };
		DA10871B1DBEE5BB00C26CF8 /* TMFilters.swift in Sources */ = {isa = PBXBuildFile; fileRef = DA10871A1DBEE5BB00C26CF8 /* TMFilters.swift */; };
		DA114BDB1DBBC69F00C74C30 /* MStorePurchase.swift in Sources */ = {isa = PBXBuildFile; fileRef = DA114BDA1DBBC69F00C74C30 /* MStorePurchase.swift */; };
		DA114BDD1DBBC70300C74C30 /* MStorePurchaseItem.swift in Sources */ = {isa = PBXBuildFile; fileRef = DA114BDC1DBBC70300C74C30 /* MStorePurchaseItem.swift */; };
		DA114BE01DBBCBE900C74C30 /* DManager.swift in Sources */ = {isa = PBXBuildFile; fileRef = DA114BDF1DBBCBE900C74C30 /* DManager.swift */; };
		DA114BE21DBBD1A200C74C30 /* ExtensionFileManager.swift in Sources */ = {isa = PBXBuildFile; fileRef = DA114BE11DBBD1A200C74C30 /* ExtensionFileManager.swift */; };
		DA114BE41DBBD27400C74C30 /* ExtensionNSManagedObject.swift in Sources */ = {isa = PBXBuildFile; fileRef = DA114BE31DBBD27400C74C30 /* ExtensionNSManagedObject.swift */; };
		DA114BE71DBBD30F00C74C30 /* DMetalic.xcdatamodeld in Sources */ = {isa = PBXBuildFile; fileRef = DA114BE51DBBD30F00C74C30 /* DMetalic.xcdatamodeld */; };
		DA114BE91DBBD60300C74C30 /* Purchases.plist in Resources */ = {isa = PBXBuildFile; fileRef = DA114BE81DBBD60300C74C30 /* Purchases.plist */; };
		DA114BEB1DBBD91900C74C30 /* ExtensionNotification.swift in Sources */ = {isa = PBXBuildFile; fileRef = DA114BEA1DBBD91900C74C30 /* ExtensionNotification.swift */; };
		DA114BED1DBC093D00C74C30 /* MStorePurchaseItemStatus.swift in Sources */ = {isa = PBXBuildFile; fileRef = DA114BEC1DBC093D00C74C30 /* MStorePurchaseItemStatus.swift */; };
		DA114BEF1DBC09F700C74C30 /* MStorePurchaseItemStatusDeferred.swift in Sources */ = {isa = PBXBuildFile; fileRef = DA114BEE1DBC09F700C74C30 /* MStorePurchaseItemStatusDeferred.swift */; };
		DA114BF11DBC0A0900C74C30 /* MStorePurchaseItemStatusNew.swift in Sources */ = {isa = PBXBuildFile; fileRef = DA114BF01DBC0A0900C74C30 /* MStorePurchaseItemStatusNew.swift */; };
		DA114BF31DBC0A1900C74C30 /* MStorePurchaseItemStatusPurchased.swift in Sources */ = {isa = PBXBuildFile; fileRef = DA114BF21DBC0A1900C74C30 /* MStorePurchaseItemStatusPurchased.swift */; };
		DA114BF51DBC0A2600C74C30 /* MStorePurchaseItemStatusPurchasing.swift in Sources */ = {isa = PBXBuildFile; fileRef = DA114BF41DBC0A2600C74C30 /* MStorePurchaseItemStatusPurchasing.swift */; };
		DA12D2831DBA5DB000F19962 /* Brand.xcassets in Resources */ = {isa = PBXBuildFile; fileRef = DA12D2821DBA5DB000F19962 /* Brand.xcassets */; };
		DA12D2851DBA6C9B00F19962 /* MMainItemStore.swift in Sources */ = {isa = PBXBuildFile; fileRef = DA12D2841DBA6C9B00F19962 /* MMainItemStore.swift */; };
		DA12D2881DBA767600F19962 /* CStore.swift in Sources */ = {isa = PBXBuildFile; fileRef = DA12D2871DBA767600F19962 /* CStore.swift */; };
		DA12D28B1DBA788C00F19962 /* VStore.swift in Sources */ = {isa = PBXBuildFile; fileRef = DA12D28A1DBA788C00F19962 /* VStore.swift */; };
		DA12D28D1DBA9E0C00F19962 /* VStoreCell.swift in Sources */ = {isa = PBXBuildFile; fileRef = DA12D28C1DBA9E0C00F19962 /* VStoreCell.swift */; };
		DA17C79F1DBED59B006C168F /* GoogleService-Info.plist in Resources */ = {isa = PBXBuildFile; fileRef = DA17C79E1DBED59B006C168F /* GoogleService-Info.plist */; };
		DA2162611DB81EF700F97B6C /* MetalFilterPremiumNeon.swift in Sources */ = {isa = PBXBuildFile; fileRef = DA2162601DB81EF700F97B6C /* MetalFilterPremiumNeon.swift */; };
		DA2162631DB81F8D00F97B6C /* MFiltersItemPremiumNeon.swift in Sources */ = {isa = PBXBuildFile; fileRef = DA2162621DB81F8D00F97B6C /* MFiltersItemPremiumNeon.swift */; };
		DA2162651DB82CE400F97B6C /* MetalFilterPremiumEmber.swift in Sources */ = {isa = PBXBuildFile; fileRef = DA2162641DB82CE400F97B6C /* MetalFilterPremiumEmber.swift */; };
		DA2162671DB82E2A00F97B6C /* MFiltersItemPremiumEmber.swift in Sources */ = {isa = PBXBuildFile; fileRef = DA2162661DB82E2A00F97B6C /* MFiltersItemPremiumEmber.swift */; };
		DA2162691DB82EBC00F97B6C /* MetalFilterNone.swift in Sources */ = {isa = PBXBuildFile; fileRef = DA2162681DB82EBC00F97B6C /* MetalFilterNone.swift */; };
		DA21626B1DB82EDE00F97B6C /* MFiltersItemNone.swift in Sources */ = {isa = PBXBuildFile; fileRef = DA21626A1DB82EDE00F97B6C /* MFiltersItemNone.swift */; };
		DA21626E1DB83D8500F97B6C /* MetalFilterPremiumSelfer.metal in Sources */ = {isa = PBXBuildFile; fileRef = DA21626C1DB83D8500F97B6C /* MetalFilterPremiumSelfer.metal */; };
		DA21626F1DB83D8500F97B6C /* MetalFilterPremiumSelfer.swift in Sources */ = {isa = PBXBuildFile; fileRef = DA21626D1DB83D8500F97B6C /* MetalFilterPremiumSelfer.swift */; };
		DA2162711DB83DD000F97B6C /* MFiltersItemPremiumSelfer.swift in Sources */ = {isa = PBXBuildFile; fileRef = DA2162701DB83DD000F97B6C /* MFiltersItemPremiumSelfer.swift */; };
		DA319D1B1DBED0A600B42431 /* FAnalytics.swift in Sources */ = {isa = PBXBuildFile; fileRef = DA319D1A1DBED0A600B42431 /* FAnalytics.swift */; };
		DA34BBB41DBD6F7500708EF2 /* Loader.xcassets in Resources */ = {isa = PBXBuildFile; fileRef = DA34BBB31DBD6F7500708EF2 /* Loader.xcassets */; };
		DA34BBB61DBD739200708EF2 /* VStoreHeader.swift in Sources */ = {isa = PBXBuildFile; fileRef = DA34BBB51DBD739200708EF2 /* VStoreHeader.swift */; };
		DA34BBB81DBD739B00708EF2 /* VStoreFooter.swift in Sources */ = {isa = PBXBuildFile; fileRef = DA34BBB71DBD739B00708EF2 /* VStoreFooter.swift */; };
		DA375C2C1DB99654004D7265 /* ExtensionUIColor.swift in Sources */ = {isa = PBXBuildFile; fileRef = DA375C2B1DB99654004D7265 /* ExtensionUIColor.swift */; };
		DA40A0F91DB667D600DC42C6 /* MetalFilterBasicTest.swift in Sources */ = {isa = PBXBuildFile; fileRef = DA40A0F81DB667D600DC42C6 /* MetalFilterBasicTest.swift */; };
		DA40A0FB1DB6684800DC42C6 /* MFiltersItemBasicTest.swift in Sources */ = {isa = PBXBuildFile; fileRef = DA40A0FA1DB6684800DC42C6 /* MFiltersItemBasicTest.swift */; };
		DA40A0FD1DB6747D00DC42C6 /* MetalFilterBasicChalk.swift in Sources */ = {isa = PBXBuildFile; fileRef = DA40A0FC1DB6747D00DC42C6 /* MetalFilterBasicChalk.swift */; };
		DA40A0FF1DB6750D00DC42C6 /* MetalFilterBasicChalk.metal in Sources */ = {isa = PBXBuildFile; fileRef = DA40A0FE1DB6750D00DC42C6 /* MetalFilterBasicChalk.metal */; };
		DA40A1011DB6758600DC42C6 /* MFiltersItemBasicChalk.swift in Sources */ = {isa = PBXBuildFile; fileRef = DA40A1001DB6758600DC42C6 /* MFiltersItemBasicChalk.swift */; };
		DA40A1031DB6B30800DC42C6 /* MetalFilterBasicDefine.swift in Sources */ = {isa = PBXBuildFile; fileRef = DA40A1021DB6B30800DC42C6 /* MetalFilterBasicDefine.swift */; };
		DA40A1051DB6B43B00DC42C6 /* MFiltersItemBasicDefine.swift in Sources */ = {isa = PBXBuildFile; fileRef = DA40A1041DB6B43B00DC42C6 /* MFiltersItemBasicDefine.swift */; };
		DA46D8561DB140FD00B89DE9 /* MFilters.swift in Sources */ = {isa = PBXBuildFile; fileRef = DA46D8551DB140FD00B89DE9 /* MFilters.swift */; };
		DA46D8581DB141C600B89DE9 /* MFiltersItem.swift in Sources */ = {isa = PBXBuildFile; fileRef = DA46D8571DB141C600B89DE9 /* MFiltersItem.swift */; };
		DA46D85B1DB1436F00B89DE9 /* MFiltersItemBasicInk.swift in Sources */ = {isa = PBXBuildFile; fileRef = DA46D85A1DB1436F00B89DE9 /* MFiltersItemBasicInk.swift */; };
		DA46D85D1DB1481E00B89DE9 /* MetalFilterBasicInk.swift in Sources */ = {isa = PBXBuildFile; fileRef = DA46D85C1DB1481E00B89DE9 /* MetalFilterBasicInk.swift */; };
		DA46D8601DB14CA200B89DE9 /* MetalFilter.swift in Sources */ = {isa = PBXBuildFile; fileRef = DA46D85F1DB14CA200B89DE9 /* MetalFilter.swift */; };
		DA46D8641DB1680800B89DE9 /* VSpinner.swift in Sources */ = {isa = PBXBuildFile; fileRef = DA46D8631DB1680800B89DE9 /* VSpinner.swift */; };
		DA46D8661DB16C6700B89DE9 /* MetalFilterBasicInk.metal in Sources */ = {isa = PBXBuildFile; fileRef = DA46D8651DB16C6700B89DE9 /* MetalFilterBasicInk.metal */; };
		DA48F6931DA9CA0800D7D3E3 /* CHome.swift in Sources */ = {isa = PBXBuildFile; fileRef = DA48F6921DA9CA0800D7D3E3 /* CHome.swift */; };
		DA48F6951DAAFD7D00D7D3E3 /* VParent.swift in Sources */ = {isa = PBXBuildFile; fileRef = DA48F6941DAAFD7D00D7D3E3 /* VParent.swift */; };
		DA48F6971DAAFDD600D7D3E3 /* VBar.swift in Sources */ = {isa = PBXBuildFile; fileRef = DA48F6961DAAFDD600D7D3E3 /* VBar.swift */; };
		DA48F6991DAAFDEE00D7D3E3 /* VBarCell.swift in Sources */ = {isa = PBXBuildFile; fileRef = DA48F6981DAAFDEE00D7D3E3 /* VBarCell.swift */; };
		DA48F69C1DAAFE5E00D7D3E3 /* MMain.swift in Sources */ = {isa = PBXBuildFile; fileRef = DA48F69B1DAAFE5E00D7D3E3 /* MMain.swift */; };
		DA48F69E1DAAFE6700D7D3E3 /* MMainItem.swift in Sources */ = {isa = PBXBuildFile; fileRef = DA48F69D1DAAFE6700D7D3E3 /* MMainItem.swift */; };
		DA48F6A01DAAFE7500D7D3E3 /* MMainItemHome.swift in Sources */ = {isa = PBXBuildFile; fileRef = DA48F69F1DAAFE7500D7D3E3 /* MMainItemHome.swift */; };
		DA513CA81DAC420500031E5D /* VHomeMenu.swift in Sources */ = {isa = PBXBuildFile; fileRef = DA513CA71DAC420500031E5D /* VHomeMenu.swift */; };
		DA513CAA1DAC425800031E5D /* VHomeMenuCell.swift in Sources */ = {isa = PBXBuildFile; fileRef = DA513CA91DAC425800031E5D /* VHomeMenuCell.swift */; };
		DA513CAC1DAC42B800031E5D /* VHomePicture.swift in Sources */ = {isa = PBXBuildFile; fileRef = DA513CAB1DAC42B800031E5D /* VHomePicture.swift */; };
		DA513CB01DAC44F900031E5D /* VHomeSelector.swift in Sources */ = {isa = PBXBuildFile; fileRef = DA513CAF1DAC44F900031E5D /* VHomeSelector.swift */; };
		DA513CB21DAC4AEF00031E5D /* CHomePickerCamera.swift in Sources */ = {isa = PBXBuildFile; fileRef = DA513CB11DAC4AEF00031E5D /* CHomePickerCamera.swift */; };
		DA513CB41DAC4F2C00031E5D /* CHomePickerLibrary.swift in Sources */ = {isa = PBXBuildFile; fileRef = DA513CB31DAC4F2C00031E5D /* CHomePickerLibrary.swift */; };
		DA513CB61DAC54A600031E5D /* CParent.swift in Sources */ = {isa = PBXBuildFile; fileRef = DA513CB51DAC54A600031E5D /* CParent.swift */; };
		DA5DC55E1DBECFC00069C2C9 /* FMain.swift in Sources */ = {isa = PBXBuildFile; fileRef = DA5DC55D1DBECFC00069C2C9 /* FMain.swift */; };
		DA64DE8C1DBAD0D800CA2C36 /* MStore.swift in Sources */ = {isa = PBXBuildFile; fileRef = DA64DE8B1DBAD0D800CA2C36 /* MStore.swift */; };
		DA831B031DBE5D170082269F /* Filter.xcassets in Resources */ = {isa = PBXBuildFile; fileRef = DA831B021DBE5D170082269F /* Filter.xcassets */; };
		DA8918FE1DBFEFB6006B7AE0 /* CHomeEdit.swift in Sources */ = {isa = PBXBuildFile; fileRef = DA8918FD1DBFEFB6006B7AE0 /* CHomeEdit.swift */; };
		DA8919011DBFF3DC006B7AE0 /* VHomeEdit.swift in Sources */ = {isa = PBXBuildFile; fileRef = DA8919001DBFF3DC006B7AE0 /* VHomeEdit.swift */; };
		DA8919031DBFF487006B7AE0 /* VHomeEditMenu.swift in Sources */ = {isa = PBXBuildFile; fileRef = DA8919021DBFF487006B7AE0 /* VHomeEditMenu.swift */; };
		DA8919051DBFF6D8006B7AE0 /* VHomeEditMenuCell.swift in Sources */ = {isa = PBXBuildFile; fileRef = DA8919041DBFF6D8006B7AE0 /* VHomeEditMenuCell.swift */; };
		DA8919081DBFF762006B7AE0 /* MEdit.swift in Sources */ = {isa = PBXBuildFile; fileRef = DA8919071DBFF762006B7AE0 /* MEdit.swift */; };
		DA89190A1DBFF7BD006B7AE0 /* MEditItem.swift in Sources */ = {isa = PBXBuildFile; fileRef = DA8919091DBFF7BD006B7AE0 /* MEditItem.swift */; };
		DA9E561F1DAC399500E0F1B4 /* Generic.xcassets in Resources */ = {isa = PBXBuildFile; fileRef = DA9E561E1DAC399500E0F1B4 /* Generic.xcassets */; };
		DA9E56211DAC3C1D00E0F1B4 /* VHome.swift in Sources */ = {isa = PBXBuildFile; fileRef = DA9E56201DAC3C1D00E0F1B4 /* VHome.swift */; };
		DAA0C0041DB19B0F0017DBE1 /* MFiltersItemBasicRembrandt.swift in Sources */ = {isa = PBXBuildFile; fileRef = DAA0C0031DB19B0F0017DBE1 /* MFiltersItemBasicRembrandt.swift */; };
		DAA0C0061DB19BE50017DBE1 /* MetalFilterBasicRembrandt.swift in Sources */ = {isa = PBXBuildFile; fileRef = DAA0C0051DB19BE50017DBE1 /* MetalFilterBasicRembrandt.swift */; };
		DAA0C0081DB19BEF0017DBE1 /* MetalFilterBasicRembrandt.metal in Sources */ = {isa = PBXBuildFile; fileRef = DAA0C0071DB19BEF0017DBE1 /* MetalFilterBasicRembrandt.metal */; };
		DAA0C00A1DB42EE20017DBE1 /* MFiltersItemBasicGothic.swift in Sources */ = {isa = PBXBuildFile; fileRef = DAA0C0091DB42EE20017DBE1 /* MFiltersItemBasicGothic.swift */; };
		DAA0C00C1DB42F330017DBE1 /* MetalFilterBasicGothic.metal in Sources */ = {isa = PBXBuildFile; fileRef = DAA0C00B1DB42F330017DBE1 /* MetalFilterBasicGothic.metal */; };
		DAA0C00E1DB42F3C0017DBE1 /* MetalFilterBasicGothic.swift in Sources */ = {isa = PBXBuildFile; fileRef = DAA0C00D1DB42F3C0017DBE1 /* MetalFilterBasicGothic.swift */; };
		DAA0C0161DB52C150017DBE1 /* ExtensionMTLTexture.swift in Sources */ = {isa = PBXBuildFile; fileRef = DAA0C0151DB52C150017DBE1 /* ExtensionMTLTexture.swift */; };
		DAA0C0181DB5495C0017DBE1 /* CHomeFiltered.swift in Sources */ = {isa = PBXBuildFile; fileRef = DAA0C0171DB5495C0017DBE1 /* CHomeFiltered.swift */; };
		DAA0C01B1DB54A6F0017DBE1 /* VHomeFiltered.swift in Sources */ = {isa = PBXBuildFile; fileRef = DAA0C01A1DB54A6F0017DBE1 /* VHomeFiltered.swift */; };
		DAB94E4F1DAC29AF00880B1B /* MMainState.swift in Sources */ = {isa = PBXBuildFile; fileRef = DAB94E4E1DAC29AF00880B1B /* MMainState.swift */; };
		DAB94E511DAC2A2F00880B1B /* MMainStateOptions.swift in Sources */ = {isa = PBXBuildFile; fileRef = DAB94E501DAC2A2F00880B1B /* MMainStateOptions.swift */; };
		DAB94E531DAC2A3A00880B1B /* MMainStatePushed.swift in Sources */ = {isa = PBXBuildFile; fileRef = DAB94E521DAC2A3A00880B1B /* MMainStatePushed.swift */; };
		DAB94E581DAC2E9F00880B1B /* ExtensionUIFont.swift in Sources */ = {isa = PBXBuildFile; fileRef = DAB94E571DAC2E9F00880B1B /* ExtensionUIFont.swift */; };
		DAB94E5A1DAC321000880B1B /* VShadow.swift in Sources */ = {isa = PBXBuildFile; fileRef = DAB94E591DAC321000880B1B /* VShadow.swift */; };
		DAB94E5C1DAC330800880B1B /* ExtensionUICollectionReusableView.swift in Sources */ = {isa = PBXBuildFile; fileRef = DAB94E5B1DAC330800880B1B /* ExtensionUICollectionReusableView.swift */; };
		DAD5C20A1DA85FA5002996A0 /* LaunchScreen.storyboard in Resources */ = {isa = PBXBuildFile; fileRef = DAD5C2001DA85FA5002996A0 /* LaunchScreen.storyboard */; };
		DAD5C20E1DA85FA5002996A0 /* Localizable.strings in Resources */ = {isa = PBXBuildFile; fileRef = DAD5C2071DA85FA5002996A0 /* Localizable.strings */; };
		DAD5C21C1DA86C47002996A0 /* CAppDelegate.swift in Sources */ = {isa = PBXBuildFile; fileRef = DAD5C21A1DA86C47002996A0 /* CAppDelegate.swift */; };
		DAECF7FF1DBED6D700052CEA /* CController.swift in Sources */ = {isa = PBXBuildFile; fileRef = DAECF7FE1DBED6D700052CEA /* CController.swift */; };
		DAF74BEF1DB5A48100F490CF /* MetalFilterBasicComic.swift in Sources */ = {isa = PBXBuildFile; fileRef = DAF74BEE1DB5A48100F490CF /* MetalFilterBasicComic.swift */; };
		DAF74BF11DB5A48C00F490CF /* MetalFilterBasicComic.metal in Sources */ = {isa = PBXBuildFile; fileRef = DAF74BF01DB5A48C00F490CF /* MetalFilterBasicComic.metal */; };
		DAF74BF31DB5A66900F490CF /* MFiltersItemBasicComic.swift in Sources */ = {isa = PBXBuildFile; fileRef = DAF74BF21DB5A66900F490CF /* MFiltersItemBasicComic.swift */; };
/* End PBXBuildFile section */

/* Begin PBXContainerItemProxy section */
		DAD5C1F11DA85DCC002996A0 /* PBXContainerItemProxy */ = {
			isa = PBXContainerItemProxy;
			containerPortal = DAD5C1D41DA85DCC002996A0 /* Project object */;
			proxyType = 1;
			remoteGlobalIDString = DAD5C1DB1DA85DCC002996A0;
			remoteInfo = metalic;
		};
/* End PBXContainerItemProxy section */

/* Begin PBXFileReference section */
		01385C47117B69A802F80C9A /* Pods-tests.debug.xcconfig */ = {isa = PBXFileReference; includeInIndex = 1; lastKnownFileType = text.xcconfig; name = "Pods-tests.debug.xcconfig"; path = "Pods/Target Support Files/Pods-tests/Pods-tests.debug.xcconfig"; sourceTree = "<group>"; };
		B9EBB701E2AA2A990BCCB9FC /* Pods-metalic.release.xcconfig */ = {isa = PBXFileReference; includeInIndex = 1; lastKnownFileType = text.xcconfig; name = "Pods-metalic.release.xcconfig"; path = "Pods/Target Support Files/Pods-metalic/Pods-metalic.release.xcconfig"; sourceTree = "<group>"; };
		CDBD3BD4CE598B1C025E026B /* Pods_metalic.framework */ = {isa = PBXFileReference; explicitFileType = wrapper.framework; includeInIndex = 0; path = Pods_metalic.framework; sourceTree = BUILT_PRODUCTS_DIR; };
		D006514DD3C975E805628E85 /* Pods-metalic.debug.xcconfig */ = {isa = PBXFileReference; includeInIndex = 1; lastKnownFileType = text.xcconfig; name = "Pods-metalic.debug.xcconfig"; path = "Pods/Target Support Files/Pods-metalic/Pods-metalic.debug.xcconfig"; sourceTree = "<group>"; };
		DA10871A1DBEE5BB00C26CF8 /* TMFilters.swift */ = {isa = PBXFileReference; fileEncoding = 4; lastKnownFileType = sourcecode.swift; path = TMFilters.swift; sourceTree = "<group>"; };
		DA114BDA1DBBC69F00C74C30 /* MStorePurchase.swift */ = {isa = PBXFileReference; fileEncoding = 4; lastKnownFileType = sourcecode.swift; path = MStorePurchase.swift; sourceTree = "<group>"; };
		DA114BDC1DBBC70300C74C30 /* MStorePurchaseItem.swift */ = {isa = PBXFileReference; fileEncoding = 4; lastKnownFileType = sourcecode.swift; path = MStorePurchaseItem.swift; sourceTree = "<group>"; };
		DA114BDF1DBBCBE900C74C30 /* DManager.swift */ = {isa = PBXFileReference; fileEncoding = 4; lastKnownFileType = sourcecode.swift; path = DManager.swift; sourceTree = "<group>"; };
		DA114BE11DBBD1A200C74C30 /* ExtensionFileManager.swift */ = {isa = PBXFileReference; fileEncoding = 4; lastKnownFileType = sourcecode.swift; path = ExtensionFileManager.swift; sourceTree = "<group>"; };
		DA114BE31DBBD27400C74C30 /* ExtensionNSManagedObject.swift */ = {isa = PBXFileReference; fileEncoding = 4; lastKnownFileType = sourcecode.swift; path = ExtensionNSManagedObject.swift; sourceTree = "<group>"; };
		DA114BE61DBBD30F00C74C30 /* DMetalic.xcdatamodel */ = {isa = PBXFileReference; lastKnownFileType = wrapper.xcdatamodel; path = DMetalic.xcdatamodel; sourceTree = "<group>"; };
		DA114BE81DBBD60300C74C30 /* Purchases.plist */ = {isa = PBXFileReference; fileEncoding = 4; lastKnownFileType = text.plist.xml; path = Purchases.plist; sourceTree = "<group>"; };
		DA114BEA1DBBD91900C74C30 /* ExtensionNotification.swift */ = {isa = PBXFileReference; fileEncoding = 4; lastKnownFileType = sourcecode.swift; path = ExtensionNotification.swift; sourceTree = "<group>"; };
		DA114BEC1DBC093D00C74C30 /* MStorePurchaseItemStatus.swift */ = {isa = PBXFileReference; fileEncoding = 4; lastKnownFileType = sourcecode.swift; path = MStorePurchaseItemStatus.swift; sourceTree = "<group>"; };
		DA114BEE1DBC09F700C74C30 /* MStorePurchaseItemStatusDeferred.swift */ = {isa = PBXFileReference; fileEncoding = 4; lastKnownFileType = sourcecode.swift; path = MStorePurchaseItemStatusDeferred.swift; sourceTree = "<group>"; };
		DA114BF01DBC0A0900C74C30 /* MStorePurchaseItemStatusNew.swift */ = {isa = PBXFileReference; fileEncoding = 4; lastKnownFileType = sourcecode.swift; path = MStorePurchaseItemStatusNew.swift; sourceTree = "<group>"; };
		DA114BF21DBC0A1900C74C30 /* MStorePurchaseItemStatusPurchased.swift */ = {isa = PBXFileReference; fileEncoding = 4; lastKnownFileType = sourcecode.swift; path = MStorePurchaseItemStatusPurchased.swift; sourceTree = "<group>"; };
		DA114BF41DBC0A2600C74C30 /* MStorePurchaseItemStatusPurchasing.swift */ = {isa = PBXFileReference; fileEncoding = 4; lastKnownFileType = sourcecode.swift; path = MStorePurchaseItemStatusPurchasing.swift; sourceTree = "<group>"; };
		DA12D2821DBA5DB000F19962 /* Brand.xcassets */ = {isa = PBXFileReference; lastKnownFileType = folder.assetcatalog; path = Brand.xcassets; sourceTree = "<group>"; };
		DA12D2841DBA6C9B00F19962 /* MMainItemStore.swift */ = {isa = PBXFileReference; fileEncoding = 4; lastKnownFileType = sourcecode.swift; path = MMainItemStore.swift; sourceTree = "<group>"; };
		DA12D2871DBA767600F19962 /* CStore.swift */ = {isa = PBXFileReference; fileEncoding = 4; lastKnownFileType = sourcecode.swift; path = CStore.swift; sourceTree = "<group>"; };
		DA12D28A1DBA788C00F19962 /* VStore.swift */ = {isa = PBXFileReference; fileEncoding = 4; lastKnownFileType = sourcecode.swift; path = VStore.swift; sourceTree = "<group>"; };
		DA12D28C1DBA9E0C00F19962 /* VStoreCell.swift */ = {isa = PBXFileReference; fileEncoding = 4; lastKnownFileType = sourcecode.swift; path = VStoreCell.swift; sourceTree = "<group>"; };
		DA17C79E1DBED59B006C168F /* GoogleService-Info.plist */ = {isa = PBXFileReference; fileEncoding = 4; lastKnownFileType = text.plist.xml; path = "GoogleService-Info.plist"; sourceTree = "<group>"; };
		DA2162601DB81EF700F97B6C /* MetalFilterPremiumNeon.swift */ = {isa = PBXFileReference; fileEncoding = 4; lastKnownFileType = sourcecode.swift; path = MetalFilterPremiumNeon.swift; sourceTree = "<group>"; };
		DA2162621DB81F8D00F97B6C /* MFiltersItemPremiumNeon.swift */ = {isa = PBXFileReference; fileEncoding = 4; lastKnownFileType = sourcecode.swift; path = MFiltersItemPremiumNeon.swift; sourceTree = "<group>"; };
		DA2162641DB82CE400F97B6C /* MetalFilterPremiumEmber.swift */ = {isa = PBXFileReference; fileEncoding = 4; lastKnownFileType = sourcecode.swift; path = MetalFilterPremiumEmber.swift; sourceTree = "<group>"; };
		DA2162661DB82E2A00F97B6C /* MFiltersItemPremiumEmber.swift */ = {isa = PBXFileReference; fileEncoding = 4; lastKnownFileType = sourcecode.swift; path = MFiltersItemPremiumEmber.swift; sourceTree = "<group>"; };
		DA2162681DB82EBC00F97B6C /* MetalFilterNone.swift */ = {isa = PBXFileReference; fileEncoding = 4; lastKnownFileType = sourcecode.swift; path = MetalFilterNone.swift; sourceTree = "<group>"; };
		DA21626A1DB82EDE00F97B6C /* MFiltersItemNone.swift */ = {isa = PBXFileReference; fileEncoding = 4; lastKnownFileType = sourcecode.swift; path = MFiltersItemNone.swift; sourceTree = "<group>"; };
		DA21626C1DB83D8500F97B6C /* MetalFilterPremiumSelfer.metal */ = {isa = PBXFileReference; fileEncoding = 4; lastKnownFileType = sourcecode.metal; path = MetalFilterPremiumSelfer.metal; sourceTree = "<group>"; };
		DA21626D1DB83D8500F97B6C /* MetalFilterPremiumSelfer.swift */ = {isa = PBXFileReference; fileEncoding = 4; lastKnownFileType = sourcecode.swift; path = MetalFilterPremiumSelfer.swift; sourceTree = "<group>"; };
		DA2162701DB83DD000F97B6C /* MFiltersItemPremiumSelfer.swift */ = {isa = PBXFileReference; fileEncoding = 4; lastKnownFileType = sourcecode.swift; path = MFiltersItemPremiumSelfer.swift; sourceTree = "<group>"; };
		DA319D1A1DBED0A600B42431 /* FAnalytics.swift */ = {isa = PBXFileReference; fileEncoding = 4; lastKnownFileType = sourcecode.swift; path = FAnalytics.swift; sourceTree = "<group>"; };
		DA34BBB31DBD6F7500708EF2 /* Loader.xcassets */ = {isa = PBXFileReference; lastKnownFileType = folder.assetcatalog; path = Loader.xcassets; sourceTree = "<group>"; };
		DA34BBB51DBD739200708EF2 /* VStoreHeader.swift */ = {isa = PBXFileReference; fileEncoding = 4; lastKnownFileType = sourcecode.swift; path = VStoreHeader.swift; sourceTree = "<group>"; };
		DA34BBB71DBD739B00708EF2 /* VStoreFooter.swift */ = {isa = PBXFileReference; fileEncoding = 4; lastKnownFileType = sourcecode.swift; path = VStoreFooter.swift; sourceTree = "<group>"; };
		DA375C2B1DB99654004D7265 /* ExtensionUIColor.swift */ = {isa = PBXFileReference; fileEncoding = 4; lastKnownFileType = sourcecode.swift; path = ExtensionUIColor.swift; sourceTree = "<group>"; };
		DA40A0F81DB667D600DC42C6 /* MetalFilterBasicTest.swift */ = {isa = PBXFileReference; fileEncoding = 4; lastKnownFileType = sourcecode.swift; path = MetalFilterBasicTest.swift; sourceTree = "<group>"; };
		DA40A0FA1DB6684800DC42C6 /* MFiltersItemBasicTest.swift */ = {isa = PBXFileReference; fileEncoding = 4; lastKnownFileType = sourcecode.swift; path = MFiltersItemBasicTest.swift; sourceTree = "<group>"; };
		DA40A0FC1DB6747D00DC42C6 /* MetalFilterBasicChalk.swift */ = {isa = PBXFileReference; fileEncoding = 4; lastKnownFileType = sourcecode.swift; path = MetalFilterBasicChalk.swift; sourceTree = "<group>"; };
		DA40A0FE1DB6750D00DC42C6 /* MetalFilterBasicChalk.metal */ = {isa = PBXFileReference; fileEncoding = 4; lastKnownFileType = sourcecode.metal; path = MetalFilterBasicChalk.metal; sourceTree = "<group>"; };
		DA40A1001DB6758600DC42C6 /* MFiltersItemBasicChalk.swift */ = {isa = PBXFileReference; fileEncoding = 4; lastKnownFileType = sourcecode.swift; path = MFiltersItemBasicChalk.swift; sourceTree = "<group>"; };
		DA40A1021DB6B30800DC42C6 /* MetalFilterBasicDefine.swift */ = {isa = PBXFileReference; fileEncoding = 4; lastKnownFileType = sourcecode.swift; path = MetalFilterBasicDefine.swift; sourceTree = "<group>"; };
		DA40A1041DB6B43B00DC42C6 /* MFiltersItemBasicDefine.swift */ = {isa = PBXFileReference; fileEncoding = 4; lastKnownFileType = sourcecode.swift; path = MFiltersItemBasicDefine.swift; sourceTree = "<group>"; };
		DA46D8551DB140FD00B89DE9 /* MFilters.swift */ = {isa = PBXFileReference; fileEncoding = 4; lastKnownFileType = sourcecode.swift; path = MFilters.swift; sourceTree = "<group>"; };
		DA46D8571DB141C600B89DE9 /* MFiltersItem.swift */ = {isa = PBXFileReference; fileEncoding = 4; lastKnownFileType = sourcecode.swift; path = MFiltersItem.swift; sourceTree = "<group>"; };
		DA46D85A1DB1436F00B89DE9 /* MFiltersItemBasicInk.swift */ = {isa = PBXFileReference; fileEncoding = 4; lastKnownFileType = sourcecode.swift; path = MFiltersItemBasicInk.swift; sourceTree = "<group>"; };
		DA46D85C1DB1481E00B89DE9 /* MetalFilterBasicInk.swift */ = {isa = PBXFileReference; fileEncoding = 4; lastKnownFileType = sourcecode.swift; path = MetalFilterBasicInk.swift; sourceTree = "<group>"; };
		DA46D85F1DB14CA200B89DE9 /* MetalFilter.swift */ = {isa = PBXFileReference; fileEncoding = 4; lastKnownFileType = sourcecode.swift; path = MetalFilter.swift; sourceTree = "<group>"; };
		DA46D8631DB1680800B89DE9 /* VSpinner.swift */ = {isa = PBXFileReference; fileEncoding = 4; lastKnownFileType = sourcecode.swift; path = VSpinner.swift; sourceTree = "<group>"; };
		DA46D8651DB16C6700B89DE9 /* MetalFilterBasicInk.metal */ = {isa = PBXFileReference; fileEncoding = 4; lastKnownFileType = sourcecode.metal; path = MetalFilterBasicInk.metal; sourceTree = "<group>"; };
		DA48F6921DA9CA0800D7D3E3 /* CHome.swift */ = {isa = PBXFileReference; fileEncoding = 4; lastKnownFileType = sourcecode.swift; path = CHome.swift; sourceTree = "<group>"; };
		DA48F6941DAAFD7D00D7D3E3 /* VParent.swift */ = {isa = PBXFileReference; fileEncoding = 4; lastKnownFileType = sourcecode.swift; path = VParent.swift; sourceTree = "<group>"; };
		DA48F6961DAAFDD600D7D3E3 /* VBar.swift */ = {isa = PBXFileReference; fileEncoding = 4; lastKnownFileType = sourcecode.swift; path = VBar.swift; sourceTree = "<group>"; };
		DA48F6981DAAFDEE00D7D3E3 /* VBarCell.swift */ = {isa = PBXFileReference; fileEncoding = 4; lastKnownFileType = sourcecode.swift; path = VBarCell.swift; sourceTree = "<group>"; };
		DA48F69B1DAAFE5E00D7D3E3 /* MMain.swift */ = {isa = PBXFileReference; fileEncoding = 4; lastKnownFileType = sourcecode.swift; path = MMain.swift; sourceTree = "<group>"; };
		DA48F69D1DAAFE6700D7D3E3 /* MMainItem.swift */ = {isa = PBXFileReference; fileEncoding = 4; lastKnownFileType = sourcecode.swift; path = MMainItem.swift; sourceTree = "<group>"; };
		DA48F69F1DAAFE7500D7D3E3 /* MMainItemHome.swift */ = {isa = PBXFileReference; fileEncoding = 4; lastKnownFileType = sourcecode.swift; path = MMainItemHome.swift; sourceTree = "<group>"; };
		DA513CA71DAC420500031E5D /* VHomeMenu.swift */ = {isa = PBXFileReference; fileEncoding = 4; lastKnownFileType = sourcecode.swift; path = VHomeMenu.swift; sourceTree = "<group>"; };
		DA513CA91DAC425800031E5D /* VHomeMenuCell.swift */ = {isa = PBXFileReference; fileEncoding = 4; lastKnownFileType = sourcecode.swift; path = VHomeMenuCell.swift; sourceTree = "<group>"; };
		DA513CAB1DAC42B800031E5D /* VHomePicture.swift */ = {isa = PBXFileReference; fileEncoding = 4; lastKnownFileType = sourcecode.swift; path = VHomePicture.swift; sourceTree = "<group>"; };
		DA513CAF1DAC44F900031E5D /* VHomeSelector.swift */ = {isa = PBXFileReference; fileEncoding = 4; lastKnownFileType = sourcecode.swift; path = VHomeSelector.swift; sourceTree = "<group>"; };
		DA513CB11DAC4AEF00031E5D /* CHomePickerCamera.swift */ = {isa = PBXFileReference; fileEncoding = 4; lastKnownFileType = sourcecode.swift; path = CHomePickerCamera.swift; sourceTree = "<group>"; };
		DA513CB31DAC4F2C00031E5D /* CHomePickerLibrary.swift */ = {isa = PBXFileReference; fileEncoding = 4; lastKnownFileType = sourcecode.swift; path = CHomePickerLibrary.swift; sourceTree = "<group>"; };
		DA513CB51DAC54A600031E5D /* CParent.swift */ = {isa = PBXFileReference; fileEncoding = 4; lastKnownFileType = sourcecode.swift; path = CParent.swift; sourceTree = "<group>"; };
		DA5DC55D1DBECFC00069C2C9 /* FMain.swift */ = {isa = PBXFileReference; fileEncoding = 4; lastKnownFileType = sourcecode.swift; path = FMain.swift; sourceTree = "<group>"; };
		DA64DE8B1DBAD0D800CA2C36 /* MStore.swift */ = {isa = PBXFileReference; fileEncoding = 4; lastKnownFileType = sourcecode.swift; path = MStore.swift; sourceTree = "<group>"; };
		DA831B021DBE5D170082269F /* Filter.xcassets */ = {isa = PBXFileReference; lastKnownFileType = folder.assetcatalog; path = Filter.xcassets; sourceTree = "<group>"; };
		DA8918FD1DBFEFB6006B7AE0 /* CHomeEdit.swift */ = {isa = PBXFileReference; fileEncoding = 4; lastKnownFileType = sourcecode.swift; path = CHomeEdit.swift; sourceTree = "<group>"; };
		DA8919001DBFF3DC006B7AE0 /* VHomeEdit.swift */ = {isa = PBXFileReference; fileEncoding = 4; lastKnownFileType = sourcecode.swift; path = VHomeEdit.swift; sourceTree = "<group>"; };
		DA8919021DBFF487006B7AE0 /* VHomeEditMenu.swift */ = {isa = PBXFileReference; fileEncoding = 4; lastKnownFileType = sourcecode.swift; path = VHomeEditMenu.swift; sourceTree = "<group>"; };
		DA8919041DBFF6D8006B7AE0 /* VHomeEditMenuCell.swift */ = {isa = PBXFileReference; fileEncoding = 4; lastKnownFileType = sourcecode.swift; path = VHomeEditMenuCell.swift; sourceTree = "<group>"; };
		DA8919071DBFF762006B7AE0 /* MEdit.swift */ = {isa = PBXFileReference; fileEncoding = 4; lastKnownFileType = sourcecode.swift; path = MEdit.swift; sourceTree = "<group>"; };
		DA8919091DBFF7BD006B7AE0 /* MEditItem.swift */ = {isa = PBXFileReference; fileEncoding = 4; lastKnownFileType = sourcecode.swift; path = MEditItem.swift; sourceTree = "<group>"; };
		DA9E561E1DAC399500E0F1B4 /* Generic.xcassets */ = {isa = PBXFileReference; lastKnownFileType = folder.assetcatalog; path = Generic.xcassets; sourceTree = "<group>"; };
		DA9E56201DAC3C1D00E0F1B4 /* VHome.swift */ = {isa = PBXFileReference; fileEncoding = 4; lastKnownFileType = sourcecode.swift; path = VHome.swift; sourceTree = "<group>"; };
		DAA0C0031DB19B0F0017DBE1 /* MFiltersItemBasicRembrandt.swift */ = {isa = PBXFileReference; fileEncoding = 4; lastKnownFileType = sourcecode.swift; path = MFiltersItemBasicRembrandt.swift; sourceTree = "<group>"; };
		DAA0C0051DB19BE50017DBE1 /* MetalFilterBasicRembrandt.swift */ = {isa = PBXFileReference; fileEncoding = 4; lastKnownFileType = sourcecode.swift; path = MetalFilterBasicRembrandt.swift; sourceTree = "<group>"; };
		DAA0C0071DB19BEF0017DBE1 /* MetalFilterBasicRembrandt.metal */ = {isa = PBXFileReference; fileEncoding = 4; lastKnownFileType = sourcecode.metal; path = MetalFilterBasicRembrandt.metal; sourceTree = "<group>"; };
		DAA0C0091DB42EE20017DBE1 /* MFiltersItemBasicGothic.swift */ = {isa = PBXFileReference; fileEncoding = 4; lastKnownFileType = sourcecode.swift; path = MFiltersItemBasicGothic.swift; sourceTree = "<group>"; };
		DAA0C00B1DB42F330017DBE1 /* MetalFilterBasicGothic.metal */ = {isa = PBXFileReference; fileEncoding = 4; lastKnownFileType = sourcecode.metal; path = MetalFilterBasicGothic.metal; sourceTree = "<group>"; };
		DAA0C00D1DB42F3C0017DBE1 /* MetalFilterBasicGothic.swift */ = {isa = PBXFileReference; fileEncoding = 4; lastKnownFileType = sourcecode.swift; path = MetalFilterBasicGothic.swift; sourceTree = "<group>"; };
		DAA0C0151DB52C150017DBE1 /* ExtensionMTLTexture.swift */ = {isa = PBXFileReference; fileEncoding = 4; lastKnownFileType = sourcecode.swift; path = ExtensionMTLTexture.swift; sourceTree = "<group>"; };
		DAA0C0171DB5495C0017DBE1 /* CHomeFiltered.swift */ = {isa = PBXFileReference; fileEncoding = 4; lastKnownFileType = sourcecode.swift; path = CHomeFiltered.swift; sourceTree = "<group>"; };
		DAA0C01A1DB54A6F0017DBE1 /* VHomeFiltered.swift */ = {isa = PBXFileReference; fileEncoding = 4; lastKnownFileType = sourcecode.swift; path = VHomeFiltered.swift; sourceTree = "<group>"; };
		DAB94E4E1DAC29AF00880B1B /* MMainState.swift */ = {isa = PBXFileReference; fileEncoding = 4; lastKnownFileType = sourcecode.swift; path = MMainState.swift; sourceTree = "<group>"; };
		DAB94E501DAC2A2F00880B1B /* MMainStateOptions.swift */ = {isa = PBXFileReference; fileEncoding = 4; lastKnownFileType = sourcecode.swift; path = MMainStateOptions.swift; sourceTree = "<group>"; };
		DAB94E521DAC2A3A00880B1B /* MMainStatePushed.swift */ = {isa = PBXFileReference; fileEncoding = 4; lastKnownFileType = sourcecode.swift; path = MMainStatePushed.swift; sourceTree = "<group>"; };
		DAB94E571DAC2E9F00880B1B /* ExtensionUIFont.swift */ = {isa = PBXFileReference; fileEncoding = 4; lastKnownFileType = sourcecode.swift; path = ExtensionUIFont.swift; sourceTree = "<group>"; };
		DAB94E591DAC321000880B1B /* VShadow.swift */ = {isa = PBXFileReference; fileEncoding = 4; lastKnownFileType = sourcecode.swift; path = VShadow.swift; sourceTree = "<group>"; };
		DAB94E5B1DAC330800880B1B /* ExtensionUICollectionReusableView.swift */ = {isa = PBXFileReference; fileEncoding = 4; lastKnownFileType = sourcecode.swift; path = ExtensionUICollectionReusableView.swift; sourceTree = "<group>"; };
		DAD5C1DC1DA85DCC002996A0 /* metalic.app */ = {isa = PBXFileReference; explicitFileType = wrapper.application; includeInIndex = 0; path = metalic.app; sourceTree = BUILT_PRODUCTS_DIR; };
		DAD5C1F01DA85DCC002996A0 /* tests.xctest */ = {isa = PBXFileReference; explicitFileType = wrapper.cfbundle; includeInIndex = 0; path = tests.xctest; sourceTree = BUILT_PRODUCTS_DIR; };
		DAD5C2001DA85FA5002996A0 /* LaunchScreen.storyboard */ = {isa = PBXFileReference; fileEncoding = 4; lastKnownFileType = file.storyboard; path = LaunchScreen.storyboard; sourceTree = "<group>"; };
		DAD5C2041DA85FA5002996A0 /* Info.plist */ = {isa = PBXFileReference; fileEncoding = 4; lastKnownFileType = text.plist.xml; path = Info.plist; sourceTree = "<group>"; };
		DAD5C2081DA85FA5002996A0 /* en */ = {isa = PBXFileReference; lastKnownFileType = text.plist.strings; name = en; path = en.lproj/Localizable.strings; sourceTree = "<group>"; };
		DAD5C2101DA85FE9002996A0 /* Info.plist */ = {isa = PBXFileReference; fileEncoding = 4; lastKnownFileType = text.plist.xml; path = Info.plist; sourceTree = "<group>"; };
		DAD5C21A1DA86C47002996A0 /* CAppDelegate.swift */ = {isa = PBXFileReference; fileEncoding = 4; lastKnownFileType = sourcecode.swift; path = CAppDelegate.swift; sourceTree = "<group>"; };
		DAECF7FE1DBED6D700052CEA /* CController.swift */ = {isa = PBXFileReference; fileEncoding = 4; lastKnownFileType = sourcecode.swift; path = CController.swift; sourceTree = "<group>"; };
		DAF74BEE1DB5A48100F490CF /* MetalFilterBasicComic.swift */ = {isa = PBXFileReference; fileEncoding = 4; lastKnownFileType = sourcecode.swift; path = MetalFilterBasicComic.swift; sourceTree = "<group>"; };
		DAF74BF01DB5A48C00F490CF /* MetalFilterBasicComic.metal */ = {isa = PBXFileReference; fileEncoding = 4; lastKnownFileType = sourcecode.metal; path = MetalFilterBasicComic.metal; sourceTree = "<group>"; };
		DAF74BF21DB5A66900F490CF /* MFiltersItemBasicComic.swift */ = {isa = PBXFileReference; fileEncoding = 4; lastKnownFileType = sourcecode.swift; path = MFiltersItemBasicComic.swift; sourceTree = "<group>"; };
		E48063F423406A42E808EF2B /* Pods_tests.framework */ = {isa = PBXFileReference; explicitFileType = wrapper.framework; includeInIndex = 0; path = Pods_tests.framework; sourceTree = BUILT_PRODUCTS_DIR; };
		FB15CB8596A3D505D77AF285 /* Pods-tests.release.xcconfig */ = {isa = PBXFileReference; includeInIndex = 1; lastKnownFileType = text.xcconfig; name = "Pods-tests.release.xcconfig"; path = "Pods/Target Support Files/Pods-tests/Pods-tests.release.xcconfig"; sourceTree = "<group>"; };
/* End PBXFileReference section */

/* Begin PBXFrameworksBuildPhase section */
		DAD5C1D91DA85DCC002996A0 /* Frameworks */ = {
			isa = PBXFrameworksBuildPhase;
			buildActionMask = 2147483647;
			files = (
				4BE39DB681C140E58180A721 /* Pods_metalic.framework in Frameworks */,
			);
			runOnlyForDeploymentPostprocessing = 0;
		};
		DAD5C1ED1DA85DCC002996A0 /* Frameworks */ = {
			isa = PBXFrameworksBuildPhase;
			buildActionMask = 2147483647;
			files = (
				B18ECED26F0D0C0D65E93FCE /* Pods_tests.framework in Frameworks */,
			);
			runOnlyForDeploymentPostprocessing = 0;
		};
/* End PBXFrameworksBuildPhase section */

/* Begin PBXGroup section */
		20E2BFC535230947CEAD3F0A /* Pods */ = {
			isa = PBXGroup;
			children = (
				D006514DD3C975E805628E85 /* Pods-metalic.debug.xcconfig */,
				B9EBB701E2AA2A990BCCB9FC /* Pods-metalic.release.xcconfig */,
				01385C47117B69A802F80C9A /* Pods-tests.debug.xcconfig */,
				FB15CB8596A3D505D77AF285 /* Pods-tests.release.xcconfig */,
			);
			name = Pods;
			sourceTree = "<group>";
		};
		95A6298BC6F0C9C1F209F03D /* Frameworks */ = {
			isa = PBXGroup;
			children = (
				CDBD3BD4CE598B1C025E026B /* Pods_metalic.framework */,
				E48063F423406A42E808EF2B /* Pods_tests.framework */,
			);
			name = Frameworks;
			sourceTree = "<group>";
		};
		DA1087171DBEE57500C26CF8 /* Model */ = {
			isa = PBXGroup;
			children = (
				DA1087181DBEE57500C26CF8 /* Filters */,
			);
			path = Model;
			sourceTree = "<group>";
		};
		DA1087181DBEE57500C26CF8 /* Filters */ = {
			isa = PBXGroup;
			children = (
				DA1087191DBEE57500C26CF8 /* Abstract */,
			);
			path = Filters;
			sourceTree = "<group>";
		};
		DA1087191DBEE57500C26CF8 /* Abstract */ = {
			isa = PBXGroup;
			children = (
				DA10871A1DBEE5BB00C26CF8 /* TMFilters.swift */,
			);
			path = Abstract;
			sourceTree = "<group>";
		};
		DA114BDE1DBBCBBF00C74C30 /* Data */ = {
			isa = PBXGroup;
			children = (
				DA114BDF1DBBCBE900C74C30 /* DManager.swift */,
				DA114BE51DBBD30F00C74C30 /* DMetalic.xcdatamodeld */,
			);
			path = Data;
			sourceTree = "<group>";
		};
		DA12D2861DBA766D00F19962 /* Store */ = {
			isa = PBXGroup;
			children = (
				DA12D2871DBA767600F19962 /* CStore.swift */,
			);
			path = Store;
			sourceTree = "<group>";
		};
		DA12D2891DBA788500F19962 /* Store */ = {
			isa = PBXGroup;
			children = (
				DA12D28A1DBA788C00F19962 /* VStore.swift */,
				DA34BBB51DBD739200708EF2 /* VStoreHeader.swift */,
				DA34BBB71DBD739B00708EF2 /* VStoreFooter.swift */,
				DA12D28C1DBA9E0C00F19962 /* VStoreCell.swift */,
			);
			path = Store;
			sourceTree = "<group>";
		};
		DA21625F1DB81EDF00F97B6C /* Premium */ = {
			isa = PBXGroup;
			children = (
				DA21626D1DB83D8500F97B6C /* MetalFilterPremiumSelfer.swift */,
				DA21626C1DB83D8500F97B6C /* MetalFilterPremiumSelfer.metal */,
				DA2162601DB81EF700F97B6C /* MetalFilterPremiumNeon.swift */,
				DA2162641DB82CE400F97B6C /* MetalFilterPremiumEmber.swift */,
			);
			path = Premium;
			sourceTree = "<group>";
		};
		DA46D8521DB126B200B89DE9 /* Filters */ = {
			isa = PBXGroup;
			children = (
				DA46D8591DB142F500B89DE9 /* Premium */,
				DA46D8531DB126B200B89DE9 /* Abstract */,
				DA46D8541DB126B200B89DE9 /* Basic */,
			);
			path = Filters;
			sourceTree = "<group>";
		};
		DA46D8531DB126B200B89DE9 /* Abstract */ = {
			isa = PBXGroup;
			children = (
				DA46D8551DB140FD00B89DE9 /* MFilters.swift */,
				DA46D8571DB141C600B89DE9 /* MFiltersItem.swift */,
				DA21626A1DB82EDE00F97B6C /* MFiltersItemNone.swift */,
			);
			path = Abstract;
			sourceTree = "<group>";
		};
		DA46D8541DB126B200B89DE9 /* Basic */ = {
			isa = PBXGroup;
			children = (
				DA46D85A1DB1436F00B89DE9 /* MFiltersItemBasicInk.swift */,
				DAA0C0091DB42EE20017DBE1 /* MFiltersItemBasicGothic.swift */,
				DAA0C0031DB19B0F0017DBE1 /* MFiltersItemBasicRembrandt.swift */,
				DAF74BF21DB5A66900F490CF /* MFiltersItemBasicComic.swift */,
				DA40A1001DB6758600DC42C6 /* MFiltersItemBasicChalk.swift */,
				DA40A1041DB6B43B00DC42C6 /* MFiltersItemBasicDefine.swift */,
				DA40A0FA1DB6684800DC42C6 /* MFiltersItemBasicTest.swift */,
			);
			path = Basic;
			sourceTree = "<group>";
		};
		DA46D8591DB142F500B89DE9 /* Premium */ = {
			isa = PBXGroup;
			children = (
				DA2162701DB83DD000F97B6C /* MFiltersItemPremiumSelfer.swift */,
				DA2162621DB81F8D00F97B6C /* MFiltersItemPremiumNeon.swift */,
				DA2162661DB82E2A00F97B6C /* MFiltersItemPremiumEmber.swift */,
			);
			path = Premium;
			sourceTree = "<group>";
		};
		DA46D85E1DB14C9800B89DE9 /* Abstract */ = {
			isa = PBXGroup;
			children = (
				DA46D85F1DB14CA200B89DE9 /* MetalFilter.swift */,
				DA2162681DB82EBC00F97B6C /* MetalFilterNone.swift */,
			);
			path = Abstract;
			sourceTree = "<group>";
		};
		DA48F69A1DAAFE3D00D7D3E3 /* Main */ = {
			isa = PBXGroup;
			children = (
				DA48F69B1DAAFE5E00D7D3E3 /* MMain.swift */,
				DA48F69D1DAAFE6700D7D3E3 /* MMainItem.swift */,
				DA48F69F1DAAFE7500D7D3E3 /* MMainItemHome.swift */,
				DA12D2841DBA6C9B00F19962 /* MMainItemStore.swift */,
				DAB94E4E1DAC29AF00880B1B /* MMainState.swift */,
				DAB94E501DAC2A2F00880B1B /* MMainStateOptions.swift */,
				DAB94E521DAC2A3A00880B1B /* MMainStatePushed.swift */,
			);
			path = Main;
			sourceTree = "<group>";
		};
		DA4C0A571DAD3153006934D1 /* Metal */ = {
			isa = PBXGroup;
			children = (
				DA21625F1DB81EDF00F97B6C /* Premium */,
				DA46D85E1DB14C9800B89DE9 /* Abstract */,
				DA4C0A581DAD3153006934D1 /* Basic */,
			);
			path = Metal;
			sourceTree = "<group>";
		};
		DA4C0A581DAD3153006934D1 /* Basic */ = {
			isa = PBXGroup;
			children = (
				DA46D85C1DB1481E00B89DE9 /* MetalFilterBasicInk.swift */,
				DA46D8651DB16C6700B89DE9 /* MetalFilterBasicInk.metal */,
				DAA0C00D1DB42F3C0017DBE1 /* MetalFilterBasicGothic.swift */,
				DAA0C00B1DB42F330017DBE1 /* MetalFilterBasicGothic.metal */,
				DAA0C0051DB19BE50017DBE1 /* MetalFilterBasicRembrandt.swift */,
				DAA0C0071DB19BEF0017DBE1 /* MetalFilterBasicRembrandt.metal */,
				DAF74BEE1DB5A48100F490CF /* MetalFilterBasicComic.swift */,
				DAF74BF01DB5A48C00F490CF /* MetalFilterBasicComic.metal */,
				DA40A0FC1DB6747D00DC42C6 /* MetalFilterBasicChalk.swift */,
				DA40A0FE1DB6750D00DC42C6 /* MetalFilterBasicChalk.metal */,
				DA40A1021DB6B30800DC42C6 /* MetalFilterBasicDefine.swift */,
				DA40A0F81DB667D600DC42C6 /* MetalFilterBasicTest.swift */,
			);
			path = Basic;
			sourceTree = "<group>";
		};
		DA5DC55A1DBECF9C0069C2C9 /* Firebase */ = {
			isa = PBXGroup;
			children = (
				DA5DC55B1DBECF9C0069C2C9 /* Analytics */,
				DA5DC55C1DBECF9C0069C2C9 /* Main */,
			);
			path = Firebase;
			sourceTree = "<group>";
		};
		DA5DC55B1DBECF9C0069C2C9 /* Analytics */ = {
			isa = PBXGroup;
			children = (
				DA319D1A1DBED0A600B42431 /* FAnalytics.swift */,
			);
			path = Analytics;
			sourceTree = "<group>";
		};
		DA5DC55C1DBECF9C0069C2C9 /* Main */ = {
			isa = PBXGroup;
			children = (
				DA17C79E1DBED59B006C168F /* GoogleService-Info.plist */,
				DA5DC55D1DBECFC00069C2C9 /* FMain.swift */,
			);
			path = Main;
			sourceTree = "<group>";
		};
		DA64DE8A1DBAD0D000CA2C36 /* Store */ = {
			isa = PBXGroup;
			children = (
				DA64DE8B1DBAD0D800CA2C36 /* MStore.swift */,
				DA114BDA1DBBC69F00C74C30 /* MStorePurchase.swift */,
				DA114BDC1DBBC70300C74C30 /* MStorePurchaseItem.swift */,
				DA114BEC1DBC093D00C74C30 /* MStorePurchaseItemStatus.swift */,
				DA114BEE1DBC09F700C74C30 /* MStorePurchaseItemStatusDeferred.swift */,
				DA114BF01DBC0A0900C74C30 /* MStorePurchaseItemStatusNew.swift */,
				DA114BF21DBC0A1900C74C30 /* MStorePurchaseItemStatusPurchased.swift */,
				DA114BF41DBC0A2600C74C30 /* MStorePurchaseItemStatusPurchasing.swift */,
			);
			path = Store;
			sourceTree = "<group>";
		};
		DA8918FF1DBFF3CF006B7AE0 /* HomeEdit */ = {
			isa = PBXGroup;
			children = (
				DA8919001DBFF3DC006B7AE0 /* VHomeEdit.swift */,
				DA8919021DBFF487006B7AE0 /* VHomeEditMenu.swift */,
				DA8919041DBFF6D8006B7AE0 /* VHomeEditMenuCell.swift */,
			);
			path = HomeEdit;
			sourceTree = "<group>";
		};
		DA8919061DBFF756006B7AE0 /* Edit */ = {
			isa = PBXGroup;
			children = (
				DA8919071DBFF762006B7AE0 /* MEdit.swift */,
				DA8919091DBFF7BD006B7AE0 /* MEditItem.swift */,
			);
			path = Edit;
			sourceTree = "<group>";
		};
		DAA0C0191DB54A660017DBE1 /* HomeFiltered */ = {
			isa = PBXGroup;
			children = (
				DAA0C01A1DB54A6F0017DBE1 /* VHomeFiltered.swift */,
			);
			path = HomeFiltered;
			sourceTree = "<group>";
		};
		DAB94E541DAC2C0E00880B1B /* Extensions */ = {
			isa = PBXGroup;
			children = (
				DA375C2B1DB99654004D7265 /* ExtensionUIColor.swift */,
				DAB94E571DAC2E9F00880B1B /* ExtensionUIFont.swift */,
				DAB94E5B1DAC330800880B1B /* ExtensionUICollectionReusableView.swift */,
				DAA0C0151DB52C150017DBE1 /* ExtensionMTLTexture.swift */,
				DA114BE11DBBD1A200C74C30 /* ExtensionFileManager.swift */,
				DA114BE31DBBD27400C74C30 /* ExtensionNSManagedObject.swift */,
				DA114BEA1DBBD91900C74C30 /* ExtensionNotification.swift */,
			);
			path = Extensions;
			sourceTree = "<group>";
		};
		DAD5C1D31DA85DCC002996A0 = {
			isa = PBXGroup;
			children = (
				DAD5C1DE1DA85DCC002996A0 /* metalic */,
				DAD5C1DD1DA85DCC002996A0 /* Products */,
				20E2BFC535230947CEAD3F0A /* Pods */,
				95A6298BC6F0C9C1F209F03D /* Frameworks */,
			);
			sourceTree = "<group>";
		};
		DAD5C1DD1DA85DCC002996A0 /* Products */ = {
			isa = PBXGroup;
			children = (
				DAD5C1DC1DA85DCC002996A0 /* metalic.app */,
				DAD5C1F01DA85DCC002996A0 /* tests.xctest */,
			);
			name = Products;
			sourceTree = "<group>";
		};
		DAD5C1DE1DA85DCC002996A0 /* metalic */ = {
			isa = PBXGroup;
			children = (
				DA5DC55A1DBECF9C0069C2C9 /* Firebase */,
				DA114BDE1DBBCBBF00C74C30 /* Data */,
				DA4C0A571DAD3153006934D1 /* Metal */,
				DAB94E541DAC2C0E00880B1B /* Extensions */,
				DAD5C20F1DA85FE9002996A0 /* Tests */,
				DAD5C1FF1DA85FA5002996A0 /* Assets */,
				DAD5C2011DA85FA5002996A0 /* Controller */,
				DAD5C2041DA85FA5002996A0 /* Info.plist */,
				DAD5C2051DA85FA5002996A0 /* Model */,
				DAD5C2061DA85FA5002996A0 /* Resource */,
				DAD5C2091DA85FA5002996A0 /* View */,
			);
			path = metalic;
			sourceTree = "<group>";
		};
		DAD5C1FF1DA85FA5002996A0 /* Assets */ = {
			isa = PBXGroup;
			children = (
				DAD5C2001DA85FA5002996A0 /* LaunchScreen.storyboard */,
				DA9E561E1DAC399500E0F1B4 /* Generic.xcassets */,
				DA12D2821DBA5DB000F19962 /* Brand.xcassets */,
				DA34BBB31DBD6F7500708EF2 /* Loader.xcassets */,
				DA831B021DBE5D170082269F /* Filter.xcassets */,
			);
			path = Assets;
			sourceTree = "<group>";
		};
		DAD5C2011DA85FA5002996A0 /* Controller */ = {
			isa = PBXGroup;
			children = (
				DA12D2861DBA766D00F19962 /* Store */,
				DAD5C2181DA86C47002996A0 /* Home */,
				DAD5C2191DA86C47002996A0 /* Main */,
			);
			path = Controller;
			sourceTree = "<group>";
		};
		DAD5C2051DA85FA5002996A0 /* Model */ = {
			isa = PBXGroup;
			children = (
				DA8919061DBFF756006B7AE0 /* Edit */,
				DA64DE8A1DBAD0D000CA2C36 /* Store */,
				DA46D8521DB126B200B89DE9 /* Filters */,
				DA48F69A1DAAFE3D00D7D3E3 /* Main */,
			);
			path = Model;
			sourceTree = "<group>";
		};
		DAD5C2061DA85FA5002996A0 /* Resource */ = {
			isa = PBXGroup;
			children = (
				DAD5C2071DA85FA5002996A0 /* Localizable.strings */,
				DA114BE81DBBD60300C74C30 /* Purchases.plist */,
			);
			path = Resource;
			sourceTree = "<group>";
		};
		DAD5C2091DA85FA5002996A0 /* View */ = {
			isa = PBXGroup;
			children = (
				DA8918FF1DBFF3CF006B7AE0 /* HomeEdit */,
				DA12D2891DBA788500F19962 /* Store */,
				DAA0C0191DB54A660017DBE1 /* HomeFiltered */,
				DAD5C21E1DA86C4E002996A0 /* Home */,
				DAD5C21F1DA86C4E002996A0 /* Main */,
			);
			path = View;
			sourceTree = "<group>";
		};
		DAD5C20F1DA85FE9002996A0 /* Tests */ = {
			isa = PBXGroup;
			children = (
				DA1087171DBEE57500C26CF8 /* Model */,
				DAD5C2101DA85FE9002996A0 /* Info.plist */,
			);
			path = Tests;
			sourceTree = "<group>";
		};
		DAD5C2181DA86C47002996A0 /* Home */ = {
			isa = PBXGroup;
			children = (
				DA48F6921DA9CA0800D7D3E3 /* CHome.swift */,
				DA513CB11DAC4AEF00031E5D /* CHomePickerCamera.swift */,
				DA513CB31DAC4F2C00031E5D /* CHomePickerLibrary.swift */,
				DAA0C0171DB5495C0017DBE1 /* CHomeFiltered.swift */,
				DA8918FD1DBFEFB6006B7AE0 /* CHomeEdit.swift */,
			);
			path = Home;
			sourceTree = "<group>";
		};
		DAD5C2191DA86C47002996A0 /* Main */ = {
			isa = PBXGroup;
			children = (
				DAECF7FE1DBED6D700052CEA /* CController.swift */,
				DAD5C21A1DA86C47002996A0 /* CAppDelegate.swift */,
				DA513CB51DAC54A600031E5D /* CParent.swift */,
			);
			path = Main;
			sourceTree = "<group>";
		};
		DAD5C21E1DA86C4E002996A0 /* Home */ = {
			isa = PBXGroup;
			children = (
				DA9E56201DAC3C1D00E0F1B4 /* VHome.swift */,
				DA513CAB1DAC42B800031E5D /* VHomePicture.swift */,
				DA513CAF1DAC44F900031E5D /* VHomeSelector.swift */,
				DA513CA71DAC420500031E5D /* VHomeMenu.swift */,
				DA513CA91DAC425800031E5D /* VHomeMenuCell.swift */,
			);
			path = Home;
			sourceTree = "<group>";
		};
		DAD5C21F1DA86C4E002996A0 /* Main */ = {
			isa = PBXGroup;
			children = (
				DA48F6941DAAFD7D00D7D3E3 /* VParent.swift */,
				DA48F6961DAAFDD600D7D3E3 /* VBar.swift */,
				DA48F6981DAAFDEE00D7D3E3 /* VBarCell.swift */,
				DAB94E591DAC321000880B1B /* VShadow.swift */,
				DA46D8631DB1680800B89DE9 /* VSpinner.swift */,
			);
			path = Main;
			sourceTree = "<group>";
		};
/* End PBXGroup section */

/* Begin PBXNativeTarget section */
		DAD5C1DB1DA85DCC002996A0 /* metalic */ = {
			isa = PBXNativeTarget;
			buildConfigurationList = DAD5C1F91DA85DCC002996A0 /* Build configuration list for PBXNativeTarget "metalic" */;
			buildPhases = (
				B652B5A42C980F9F0E2C55FB /* [CP] Check Pods Manifest.lock */,
				DAD5C1D81DA85DCC002996A0 /* Sources */,
				DAD5C1D91DA85DCC002996A0 /* Frameworks */,
				DAD5C1DA1DA85DCC002996A0 /* Resources */,
				2F8DB085568BEE8CF5D3BF1A /* [CP] Embed Pods Frameworks */,
				8108DE31272CA108330C8233 /* [CP] Copy Pods Resources */,
			);
			buildRules = (
			);
			dependencies = (
			);
			name = metalic;
			productName = metalic;
			productReference = DAD5C1DC1DA85DCC002996A0 /* metalic.app */;
			productType = "com.apple.product-type.application";
		};
		DAD5C1EF1DA85DCC002996A0 /* tests */ = {
			isa = PBXNativeTarget;
			buildConfigurationList = DAD5C1FC1DA85DCC002996A0 /* Build configuration list for PBXNativeTarget "tests" */;
			buildPhases = (
				200B9F90764A0AD56309DB6D /* [CP] Check Pods Manifest.lock */,
				DAD5C1EC1DA85DCC002996A0 /* Sources */,
				DAD5C1ED1DA85DCC002996A0 /* Frameworks */,
				DAD5C1EE1DA85DCC002996A0 /* Resources */,
				AC53499C78D76E38CDC66703 /* [CP] Embed Pods Frameworks */,
				1801B4670BC26599BE2AF383 /* [CP] Copy Pods Resources */,
			);
			buildRules = (
			);
			dependencies = (
				DAD5C1F21DA85DCC002996A0 /* PBXTargetDependency */,
			);
			name = tests;
			productName = metalicTests;
			productReference = DAD5C1F01DA85DCC002996A0 /* tests.xctest */;
			productType = "com.apple.product-type.bundle.unit-test";
		};
/* End PBXNativeTarget section */

/* Begin PBXProject section */
		DAD5C1D41DA85DCC002996A0 /* Project object */ = {
			isa = PBXProject;
			attributes = {
				LastSwiftUpdateCheck = 0800;
				LastUpgradeCheck = 0800;
				ORGANIZATIONNAME = iturbide;
				TargetAttributes = {
					DAD5C1DB1DA85DCC002996A0 = {
						CreatedOnToolsVersion = 8.0;
						DevelopmentTeam = 7AMWG3RLHN;
						ProvisioningStyle = Manual;
					};
					DAD5C1EF1DA85DCC002996A0 = {
						CreatedOnToolsVersion = 8.0;
						DevelopmentTeam = 7AMWG3RLHN;
						LastSwiftMigration = 0800;
						ProvisioningStyle = Automatic;
						TestTargetID = DAD5C1DB1DA85DCC002996A0;
					};
				};
			};
			buildConfigurationList = DAD5C1D71DA85DCC002996A0 /* Build configuration list for PBXProject "metalic" */;
			compatibilityVersion = "Xcode 3.2";
			developmentRegion = English;
			hasScannedForEncodings = 0;
			knownRegions = (
				en,
				Base,
			);
			mainGroup = DAD5C1D31DA85DCC002996A0;
			productRefGroup = DAD5C1DD1DA85DCC002996A0 /* Products */;
			projectDirPath = "";
			projectRoot = "";
			targets = (
				DAD5C1DB1DA85DCC002996A0 /* metalic */,
				DAD5C1EF1DA85DCC002996A0 /* tests */,
			);
		};
/* End PBXProject section */

/* Begin PBXResourcesBuildPhase section */
		DAD5C1DA1DA85DCC002996A0 /* Resources */ = {
			isa = PBXResourcesBuildPhase;
			buildActionMask = 2147483647;
			files = (
				DA34BBB41DBD6F7500708EF2 /* Loader.xcassets in Resources */,
				DA17C79F1DBED59B006C168F /* GoogleService-Info.plist in Resources */,
				DAD5C20E1DA85FA5002996A0 /* Localizable.strings in Resources */,
				DA114BE91DBBD60300C74C30 /* Purchases.plist in Resources */,
				DA12D2831DBA5DB000F19962 /* Brand.xcassets in Resources */,
				DAD5C20A1DA85FA5002996A0 /* LaunchScreen.storyboard in Resources */,
				DA9E561F1DAC399500E0F1B4 /* Generic.xcassets in Resources */,
				DA831B031DBE5D170082269F /* Filter.xcassets in Resources */,
			);
			runOnlyForDeploymentPostprocessing = 0;
		};
		DAD5C1EE1DA85DCC002996A0 /* Resources */ = {
			isa = PBXResourcesBuildPhase;
			buildActionMask = 2147483647;
			files = (
			);
			runOnlyForDeploymentPostprocessing = 0;
		};
/* End PBXResourcesBuildPhase section */

/* Begin PBXShellScriptBuildPhase section */
		1801B4670BC26599BE2AF383 /* [CP] Copy Pods Resources */ = {
			isa = PBXShellScriptBuildPhase;
			buildActionMask = 2147483647;
			files = (
			);
			inputPaths = (
			);
			name = "[CP] Copy Pods Resources";
			outputPaths = (
			);
			runOnlyForDeploymentPostprocessing = 0;
			shellPath = /bin/sh;
			shellScript = "\"${SRCROOT}/Pods/Target Support Files/Pods-tests/Pods-tests-resources.sh\"\n";
			showEnvVarsInLog = 0;
		};
		200B9F90764A0AD56309DB6D /* [CP] Check Pods Manifest.lock */ = {
			isa = PBXShellScriptBuildPhase;
			buildActionMask = 2147483647;
			files = (
			);
			inputPaths = (
			);
			name = "[CP] Check Pods Manifest.lock";
			outputPaths = (
			);
			runOnlyForDeploymentPostprocessing = 0;
			shellPath = /bin/sh;
			shellScript = "diff \"${PODS_ROOT}/../Podfile.lock\" \"${PODS_ROOT}/Manifest.lock\" > /dev/null\nif [ $? != 0 ] ; then\n    # print error to STDERR\n    echo \"error: The sandbox is not in sync with the Podfile.lock. Run 'pod install' or update your CocoaPods installation.\" >&2\n    exit 1\nfi\n";
			showEnvVarsInLog = 0;
		};
		2F8DB085568BEE8CF5D3BF1A /* [CP] Embed Pods Frameworks */ = {
			isa = PBXShellScriptBuildPhase;
			buildActionMask = 2147483647;
			files = (
			);
			inputPaths = (
			);
			name = "[CP] Embed Pods Frameworks";
			outputPaths = (
			);
			runOnlyForDeploymentPostprocessing = 0;
			shellPath = /bin/sh;
			shellScript = "\"${SRCROOT}/Pods/Target Support Files/Pods-metalic/Pods-metalic-frameworks.sh\"\n";
			showEnvVarsInLog = 0;
		};
		8108DE31272CA108330C8233 /* [CP] Copy Pods Resources */ = {
			isa = PBXShellScriptBuildPhase;
			buildActionMask = 2147483647;
			files = (
			);
			inputPaths = (
			);
			name = "[CP] Copy Pods Resources";
			outputPaths = (
			);
			runOnlyForDeploymentPostprocessing = 0;
			shellPath = /bin/sh;
			shellScript = "\"${SRCROOT}/Pods/Target Support Files/Pods-metalic/Pods-metalic-resources.sh\"\n";
			showEnvVarsInLog = 0;
		};
		AC53499C78D76E38CDC66703 /* [CP] Embed Pods Frameworks */ = {
			isa = PBXShellScriptBuildPhase;
			buildActionMask = 2147483647;
			files = (
			);
			inputPaths = (
			);
			name = "[CP] Embed Pods Frameworks";
			outputPaths = (
			);
			runOnlyForDeploymentPostprocessing = 0;
			shellPath = /bin/sh;
			shellScript = "\"${SRCROOT}/Pods/Target Support Files/Pods-tests/Pods-tests-frameworks.sh\"\n";
			showEnvVarsInLog = 0;
		};
		B652B5A42C980F9F0E2C55FB /* [CP] Check Pods Manifest.lock */ = {
			isa = PBXShellScriptBuildPhase;
			buildActionMask = 2147483647;
			files = (
			);
			inputPaths = (
			);
			name = "[CP] Check Pods Manifest.lock";
			outputPaths = (
			);
			runOnlyForDeploymentPostprocessing = 0;
			shellPath = /bin/sh;
			shellScript = "diff \"${PODS_ROOT}/../Podfile.lock\" \"${PODS_ROOT}/Manifest.lock\" > /dev/null\nif [ $? != 0 ] ; then\n    # print error to STDERR\n    echo \"error: The sandbox is not in sync with the Podfile.lock. Run 'pod install' or update your CocoaPods installation.\" >&2\n    exit 1\nfi\n";
			showEnvVarsInLog = 0;
		};
/* End PBXShellScriptBuildPhase section */

/* Begin PBXSourcesBuildPhase section */
		DAD5C1D81DA85DCC002996A0 /* Sources */ = {
			isa = PBXSourcesBuildPhase;
			buildActionMask = 2147483647;
			files = (
				DA48F69C1DAAFE5E00D7D3E3 /* MMain.swift in Sources */,
				DA64DE8C1DBAD0D800CA2C36 /* MStore.swift in Sources */,
				DA46D8601DB14CA200B89DE9 /* MetalFilter.swift in Sources */,
				DA21626B1DB82EDE00F97B6C /* MFiltersItemNone.swift in Sources */,
				DA114BF31DBC0A1900C74C30 /* MStorePurchaseItemStatusPurchased.swift in Sources */,
				DA40A0FF1DB6750D00DC42C6 /* MetalFilterBasicChalk.metal in Sources */,
				DAF74BEF1DB5A48100F490CF /* MetalFilterBasicComic.swift in Sources */,
				DA114BED1DBC093D00C74C30 /* MStorePurchaseItemStatus.swift in Sources */,
				DA12D2881DBA767600F19962 /* CStore.swift in Sources */,
				DA319D1B1DBED0A600B42431 /* FAnalytics.swift in Sources */,
				DA46D8561DB140FD00B89DE9 /* MFilters.swift in Sources */,
				DA46D8581DB141C600B89DE9 /* MFiltersItem.swift in Sources */,
				DAA0C0041DB19B0F0017DBE1 /* MFiltersItemBasicRembrandt.swift in Sources */,
				DA114BDB1DBBC69F00C74C30 /* MStorePurchase.swift in Sources */,
				DA2162611DB81EF700F97B6C /* MetalFilterPremiumNeon.swift in Sources */,
				DAB94E511DAC2A2F00880B1B /* MMainStateOptions.swift in Sources */,
				DA513CB41DAC4F2C00031E5D /* CHomePickerLibrary.swift in Sources */,
				DA46D85D1DB1481E00B89DE9 /* MetalFilterBasicInk.swift in Sources */,
				DAA0C00C1DB42F330017DBE1 /* MetalFilterBasicGothic.metal in Sources */,
				DA12D2851DBA6C9B00F19962 /* MMainItemStore.swift in Sources */,
				DA513CB21DAC4AEF00031E5D /* CHomePickerCamera.swift in Sources */,
				DAB94E531DAC2A3A00880B1B /* MMainStatePushed.swift in Sources */,
				DA89190A1DBFF7BD006B7AE0 /* MEditItem.swift in Sources */,
				DA114BDD1DBBC70300C74C30 /* MStorePurchaseItem.swift in Sources */,
				DA513CB61DAC54A600031E5D /* CParent.swift in Sources */,
				DA375C2C1DB99654004D7265 /* ExtensionUIColor.swift in Sources */,
				DAA0C0081DB19BEF0017DBE1 /* MetalFilterBasicRembrandt.metal in Sources */,
				DA9E56211DAC3C1D00E0F1B4 /* VHome.swift in Sources */,
				DAA0C01B1DB54A6F0017DBE1 /* VHomeFiltered.swift in Sources */,
				DA8919081DBFF762006B7AE0 /* MEdit.swift in Sources */,
				DAB94E5A1DAC321000880B1B /* VShadow.swift in Sources */,
				DAD5C21C1DA86C47002996A0 /* CAppDelegate.swift in Sources */,
				DA40A0FB1DB6684800DC42C6 /* MFiltersItemBasicTest.swift in Sources */,
				DA5DC55E1DBECFC00069C2C9 /* FMain.swift in Sources */,
				DA114BE41DBBD27400C74C30 /* ExtensionNSManagedObject.swift in Sources */,
				DA8918FE1DBFEFB6006B7AE0 /* CHomeEdit.swift in Sources */,
				DA40A1011DB6758600DC42C6 /* MFiltersItemBasicChalk.swift in Sources */,
				DA12D28B1DBA788C00F19962 /* VStore.swift in Sources */,
				DAECF7FF1DBED6D700052CEA /* CController.swift in Sources */,
				DA34BBB81DBD739B00708EF2 /* VStoreFooter.swift in Sources */,
				DA48F6991DAAFDEE00D7D3E3 /* VBarCell.swift in Sources */,
				DA513CAC1DAC42B800031E5D /* VHomePicture.swift in Sources */,
				DA2162631DB81F8D00F97B6C /* MFiltersItemPremiumNeon.swift in Sources */,
				DAB94E581DAC2E9F00880B1B /* ExtensionUIFont.swift in Sources */,
				DA48F6951DAAFD7D00D7D3E3 /* VParent.swift in Sources */,
				DA40A0FD1DB6747D00DC42C6 /* MetalFilterBasicChalk.swift in Sources */,
				DA513CAA1DAC425800031E5D /* VHomeMenuCell.swift in Sources */,
				DA48F6931DA9CA0800D7D3E3 /* CHome.swift in Sources */,
				DAB94E4F1DAC29AF00880B1B /* MMainState.swift in Sources */,
				DA46D85B1DB1436F00B89DE9 /* MFiltersItemBasicInk.swift in Sources */,
				DAA0C0161DB52C150017DBE1 /* ExtensionMTLTexture.swift in Sources */,
				DAA0C0181DB5495C0017DBE1 /* CHomeFiltered.swift in Sources */,
				DA2162711DB83DD000F97B6C /* MFiltersItemPremiumSelfer.swift in Sources */,
				DA8919011DBFF3DC006B7AE0 /* VHomeEdit.swift in Sources */,
				DA2162651DB82CE400F97B6C /* MetalFilterPremiumEmber.swift in Sources */,
				DA46D8641DB1680800B89DE9 /* VSpinner.swift in Sources */,
				DAA0C00E1DB42F3C0017DBE1 /* MetalFilterBasicGothic.swift in Sources */,
				DA21626E1DB83D8500F97B6C /* MetalFilterPremiumSelfer.metal in Sources */,
				DA513CA81DAC420500031E5D /* VHomeMenu.swift in Sources */,
				DA48F6971DAAFDD600D7D3E3 /* VBar.swift in Sources */,
				DA2162691DB82EBC00F97B6C /* MetalFilterNone.swift in Sources */,
				DA114BEF1DBC09F700C74C30 /* MStorePurchaseItemStatusDeferred.swift in Sources */,
				DAF74BF31DB5A66900F490CF /* MFiltersItemBasicComic.swift in Sources */,
				DA21626F1DB83D8500F97B6C /* MetalFilterPremiumSelfer.swift in Sources */,
				DA114BE21DBBD1A200C74C30 /* ExtensionFileManager.swift in Sources */,
				DAF74BF11DB5A48C00F490CF /* MetalFilterBasicComic.metal in Sources */,
				DA114BE71DBBD30F00C74C30 /* DMetalic.xcdatamodeld in Sources */,
				DA12D28D1DBA9E0C00F19962 /* VStoreCell.swift in Sources */,
				DAB94E5C1DAC330800880B1B /* ExtensionUICollectionReusableView.swift in Sources */,
				DAA0C00A1DB42EE20017DBE1 /* MFiltersItemBasicGothic.swift in Sources */,
				DA114BF51DBC0A2600C74C30 /* MStorePurchaseItemStatusPurchasing.swift in Sources */,
				DA114BEB1DBBD91900C74C30 /* ExtensionNotification.swift in Sources */,
				DA40A0F91DB667D600DC42C6 /* MetalFilterBasicTest.swift in Sources */,
				DA40A1051DB6B43B00DC42C6 /* MFiltersItemBasicDefine.swift in Sources */,
				DA8919051DBFF6D8006B7AE0 /* VHomeEditMenuCell.swift in Sources */,
				DA34BBB61DBD739200708EF2 /* VStoreHeader.swift in Sources */,
				DA48F69E1DAAFE6700D7D3E3 /* MMainItem.swift in Sources */,
				DA114BE01DBBCBE900C74C30 /* DManager.swift in Sources */,
				DA8919031DBFF487006B7AE0 /* VHomeEditMenu.swift in Sources */,
				DA40A1031DB6B30800DC42C6 /* MetalFilterBasicDefine.swift in Sources */,
				DAA0C0061DB19BE50017DBE1 /* MetalFilterBasicRembrandt.swift in Sources */,
				DA513CB01DAC44F900031E5D /* VHomeSelector.swift in Sources */,
				DA2162671DB82E2A00F97B6C /* MFiltersItemPremiumEmber.swift in Sources */,
				DA48F6A01DAAFE7500D7D3E3 /* MMainItemHome.swift in Sources */,
				DA114BF11DBC0A0900C74C30 /* MStorePurchaseItemStatusNew.swift in Sources */,
				DA46D8661DB16C6700B89DE9 /* MetalFilterBasicInk.metal in Sources */,
			);
			runOnlyForDeploymentPostprocessing = 0;
		};
		DAD5C1EC1DA85DCC002996A0 /* Sources */ = {
			isa = PBXSourcesBuildPhase;
			buildActionMask = 2147483647;
			files = (
				DA10871B1DBEE5BB00C26CF8 /* TMFilters.swift in Sources */,
			);
			runOnlyForDeploymentPostprocessing = 0;
		};
/* End PBXSourcesBuildPhase section */

/* Begin PBXTargetDependency section */
		DAD5C1F21DA85DCC002996A0 /* PBXTargetDependency */ = {
			isa = PBXTargetDependency;
			target = DAD5C1DB1DA85DCC002996A0 /* metalic */;
			targetProxy = DAD5C1F11DA85DCC002996A0 /* PBXContainerItemProxy */;
		};
/* End PBXTargetDependency section */

/* Begin PBXVariantGroup section */
		DAD5C2071DA85FA5002996A0 /* Localizable.strings */ = {
			isa = PBXVariantGroup;
			children = (
				DAD5C2081DA85FA5002996A0 /* en */,
			);
			name = Localizable.strings;
			sourceTree = "<group>";
		};
/* End PBXVariantGroup section */

/* Begin XCBuildConfiguration section */
		DAD5C1F71DA85DCC002996A0 /* Debug */ = {
			isa = XCBuildConfiguration;
			buildSettings = {
				ALWAYS_SEARCH_USER_PATHS = NO;
				CLANG_ANALYZER_NONNULL = YES;
				CLANG_CXX_LANGUAGE_STANDARD = "gnu++0x";
				CLANG_CXX_LIBRARY = "libc++";
				CLANG_ENABLE_MODULES = YES;
				CLANG_ENABLE_OBJC_ARC = YES;
				CLANG_WARN_BOOL_CONVERSION = YES;
				CLANG_WARN_CONSTANT_CONVERSION = YES;
				CLANG_WARN_DIRECT_OBJC_ISA_USAGE = YES_ERROR;
				CLANG_WARN_DOCUMENTATION_COMMENTS = YES;
				CLANG_WARN_EMPTY_BODY = YES;
				CLANG_WARN_ENUM_CONVERSION = YES;
				CLANG_WARN_INFINITE_RECURSION = YES;
				CLANG_WARN_INT_CONVERSION = YES;
				CLANG_WARN_OBJC_ROOT_CLASS = YES_ERROR;
				CLANG_WARN_SUSPICIOUS_MOVES = YES;
				CLANG_WARN_UNREACHABLE_CODE = YES;
				CLANG_WARN__DUPLICATE_METHOD_MATCH = YES;
				"CODE_SIGN_IDENTITY[sdk=iphoneos*]" = "iPhone Developer";
				COPY_PHASE_STRIP = NO;
				DEBUG_INFORMATION_FORMAT = dwarf;
				ENABLE_STRICT_OBJC_MSGSEND = YES;
				ENABLE_TESTABILITY = YES;
				GCC_C_LANGUAGE_STANDARD = gnu99;
				GCC_DYNAMIC_NO_PIC = NO;
				GCC_NO_COMMON_BLOCKS = YES;
				GCC_OPTIMIZATION_LEVEL = 0;
				GCC_PREPROCESSOR_DEFINITIONS = (
					"DEBUG=1",
					"$(inherited)",
				);
				GCC_WARN_64_TO_32_BIT_CONVERSION = YES;
				GCC_WARN_ABOUT_RETURN_TYPE = YES_ERROR;
				GCC_WARN_UNDECLARED_SELECTOR = YES;
				GCC_WARN_UNINITIALIZED_AUTOS = YES_AGGRESSIVE;
				GCC_WARN_UNUSED_FUNCTION = YES;
				GCC_WARN_UNUSED_VARIABLE = YES;
				IPHONEOS_DEPLOYMENT_TARGET = 9.0;
				MTL_ENABLE_DEBUG_INFO = YES;
				ONLY_ACTIVE_ARCH = YES;
				SDKROOT = iphoneos;
				SWIFT_ACTIVE_COMPILATION_CONDITIONS = DEBUG;
				SWIFT_INSTALL_OBJC_HEADER = NO;
				SWIFT_OPTIMIZATION_LEVEL = "-Onone";
				TARGETED_DEVICE_FAMILY = "1,2";
			};
			name = Debug;
		};
		DAD5C1F81DA85DCC002996A0 /* Release */ = {
			isa = XCBuildConfiguration;
			buildSettings = {
				ALWAYS_SEARCH_USER_PATHS = NO;
				CLANG_ANALYZER_NONNULL = YES;
				CLANG_CXX_LANGUAGE_STANDARD = "gnu++0x";
				CLANG_CXX_LIBRARY = "libc++";
				CLANG_ENABLE_MODULES = YES;
				CLANG_ENABLE_OBJC_ARC = YES;
				CLANG_WARN_BOOL_CONVERSION = YES;
				CLANG_WARN_CONSTANT_CONVERSION = YES;
				CLANG_WARN_DIRECT_OBJC_ISA_USAGE = YES_ERROR;
				CLANG_WARN_DOCUMENTATION_COMMENTS = YES;
				CLANG_WARN_EMPTY_BODY = YES;
				CLANG_WARN_ENUM_CONVERSION = YES;
				CLANG_WARN_INFINITE_RECURSION = YES;
				CLANG_WARN_INT_CONVERSION = YES;
				CLANG_WARN_OBJC_ROOT_CLASS = YES_ERROR;
				CLANG_WARN_SUSPICIOUS_MOVES = YES;
				CLANG_WARN_UNREACHABLE_CODE = YES;
				CLANG_WARN__DUPLICATE_METHOD_MATCH = YES;
				"CODE_SIGN_IDENTITY[sdk=iphoneos*]" = "iPhone Developer";
				COPY_PHASE_STRIP = NO;
				DEBUG_INFORMATION_FORMAT = "dwarf-with-dsym";
				ENABLE_NS_ASSERTIONS = NO;
				ENABLE_STRICT_OBJC_MSGSEND = YES;
				GCC_C_LANGUAGE_STANDARD = gnu99;
				GCC_NO_COMMON_BLOCKS = YES;
				GCC_WARN_64_TO_32_BIT_CONVERSION = YES;
				GCC_WARN_ABOUT_RETURN_TYPE = YES_ERROR;
				GCC_WARN_UNDECLARED_SELECTOR = YES;
				GCC_WARN_UNINITIALIZED_AUTOS = YES_AGGRESSIVE;
				GCC_WARN_UNUSED_FUNCTION = YES;
				GCC_WARN_UNUSED_VARIABLE = YES;
				IPHONEOS_DEPLOYMENT_TARGET = 9.0;
				MTL_ENABLE_DEBUG_INFO = NO;
				SDKROOT = iphoneos;
				SWIFT_INSTALL_OBJC_HEADER = NO;
				SWIFT_OPTIMIZATION_LEVEL = "-Owholemodule";
				TARGETED_DEVICE_FAMILY = "1,2";
				VALIDATE_PRODUCT = YES;
			};
			name = Release;
		};
		DAD5C1FA1DA85DCC002996A0 /* Debug */ = {
			isa = XCBuildConfiguration;
			baseConfigurationReference = D006514DD3C975E805628E85 /* Pods-metalic.debug.xcconfig */;
			buildSettings = {
				ASSETCATALOG_COMPILER_APPICON_NAME = AppIcon;
				DEVELOPMENT_TEAM = 7AMWG3RLHN;
				INFOPLIST_FILE = metalic/Info.plist;
				LD_RUNPATH_SEARCH_PATHS = "$(inherited) @executable_path/Frameworks";
				PRODUCT_BUNDLE_IDENTIFIER = iturbide.metalic;
				PRODUCT_NAME = "$(TARGET_NAME)";
				PROVISIONING_PROFILE = "2d4e2185-b0a3-4fbc-97f9-7baba6135497";
				PROVISIONING_PROFILE_SPECIFIER = "metalic dev";
				SWIFT_INSTALL_OBJC_HEADER = NO;
				SWIFT_VERSION = 3.0;
				TARGETED_DEVICE_FAMILY = "1,2";
			};
			name = Debug;
		};
		DAD5C1FB1DA85DCC002996A0 /* Release */ = {
			isa = XCBuildConfiguration;
			baseConfigurationReference = B9EBB701E2AA2A990BCCB9FC /* Pods-metalic.release.xcconfig */;
			buildSettings = {
				ASSETCATALOG_COMPILER_APPICON_NAME = AppIcon;
				"CODE_SIGN_IDENTITY[sdk=iphoneos*]" = "iPhone Distribution";
				DEVELOPMENT_TEAM = 7AMWG3RLHN;
				INFOPLIST_FILE = metalic/Info.plist;
				LD_RUNPATH_SEARCH_PATHS = "$(inherited) @executable_path/Frameworks";
				PRODUCT_BUNDLE_IDENTIFIER = iturbide.metalic;
				PRODUCT_NAME = "$(TARGET_NAME)";
				PROVISIONING_PROFILE = "7e9786f5-34a1-4366-b71a-78e1a961f25c";
				PROVISIONING_PROFILE_SPECIFIER = "metalic dist";
				SWIFT_INSTALL_OBJC_HEADER = NO;
				SWIFT_VERSION = 3.0;
				TARGETED_DEVICE_FAMILY = "1,2";
			};
			name = Release;
		};
		DAD5C1FD1DA85DCC002996A0 /* Debug */ = {
			isa = XCBuildConfiguration;
			baseConfigurationReference = 01385C47117B69A802F80C9A /* Pods-tests.debug.xcconfig */;
			buildSettings = {
				BUNDLE_LOADER = "$(TEST_HOST)";
				CLANG_ENABLE_MODULES = YES;
				DEVELOPMENT_TEAM = 7AMWG3RLHN;
				INFOPLIST_FILE = metalic/Tests/Info.plist;
				LD_RUNPATH_SEARCH_PATHS = "$(inherited) @executable_path/Frameworks @loader_path/Frameworks";
				PRODUCT_BUNDLE_IDENTIFIER = iturbide.metalicTests;
				PRODUCT_NAME = "$(TARGET_NAME)";
				SWIFT_INSTALL_OBJC_HEADER = NO;
				SWIFT_OPTIMIZATION_LEVEL = "-Onone";
				SWIFT_VERSION = 3.0;
				TEST_HOST = "$(BUILT_PRODUCTS_DIR)/metalic.app/metalic";
			};
			name = Debug;
		};
		DAD5C1FE1DA85DCC002996A0 /* Release */ = {
			isa = XCBuildConfiguration;
			baseConfigurationReference = FB15CB8596A3D505D77AF285 /* Pods-tests.release.xcconfig */;
			buildSettings = {
				BUNDLE_LOADER = "$(TEST_HOST)";
				CLANG_ENABLE_MODULES = YES;
				DEVELOPMENT_TEAM = 7AMWG3RLHN;
				INFOPLIST_FILE = metalic/Tests/Info.plist;
				LD_RUNPATH_SEARCH_PATHS = "$(inherited) @executable_path/Frameworks @loader_path/Frameworks";
				PRODUCT_BUNDLE_IDENTIFIER = iturbide.metalicTests;
				PRODUCT_NAME = "$(TARGET_NAME)";
				SWIFT_INSTALL_OBJC_HEADER = NO;
				SWIFT_VERSION = 3.0;
				TEST_HOST = "$(BUILT_PRODUCTS_DIR)/metalic.app/metalic";
			};
			name = Release;
		};
/* End XCBuildConfiguration section */

/* Begin XCConfigurationList section */
		DAD5C1D71DA85DCC002996A0 /* Build configuration list for PBXProject "metalic" */ = {
			isa = XCConfigurationList;
			buildConfigurations = (
				DAD5C1F71DA85DCC002996A0 /* Debug */,
				DAD5C1F81DA85DCC002996A0 /* Release */,
			);
			defaultConfigurationIsVisible = 0;
			defaultConfigurationName = Release;
		};
		DAD5C1F91DA85DCC002996A0 /* Build configuration list for PBXNativeTarget "metalic" */ = {
			isa = XCConfigurationList;
			buildConfigurations = (
				DAD5C1FA1DA85DCC002996A0 /* Debug */,
				DAD5C1FB1DA85DCC002996A0 /* Release */,
			);
			defaultConfigurationIsVisible = 0;
			defaultConfigurationName = Release;
		};
		DAD5C1FC1DA85DCC002996A0 /* Build configuration list for PBXNativeTarget "tests" */ = {
			isa = XCConfigurationList;
			buildConfigurations = (
				DAD5C1FD1DA85DCC002996A0 /* Debug */,
				DAD5C1FE1DA85DCC002996A0 /* Release */,
			);
			defaultConfigurationIsVisible = 0;
			defaultConfigurationName = Release;
		};
/* End XCConfigurationList section */

/* Begin XCVersionGroup section */
		DA114BE51DBBD30F00C74C30 /* DMetalic.xcdatamodeld */ = {
			isa = XCVersionGroup;
			children = (
				DA114BE61DBBD30F00C74C30 /* DMetalic.xcdatamodel */,
			);
			currentVersion = DA114BE61DBBD30F00C74C30 /* DMetalic.xcdatamodel */;
			path = DMetalic.xcdatamodeld;
			sourceTree = "<group>";
			versionGroupType = wrapper.xcdatamodel;
		};
/* End XCVersionGroup section */
	};
	rootObject = DAD5C1D41DA85DCC002996A0 /* Project object */;
}
